// !$*UTF8*$!
{
	archiveVersion = 1;
	classes = {
	};
	objectVersion = 46;
	objects = {

/* Begin PBXBuildFile section */
		481573451DC08AD9003515D0 /* XMHotHeaderModel.m in Sources */ = {isa = PBXBuildFile; fileRef = 481573441DC08AD9003515D0 /* XMHotHeaderModel.m */; };
		481573481DC08C1F003515D0 /* XMHotData.m in Sources */ = {isa = PBXBuildFile; fileRef = 481573471DC08C1F003515D0 /* XMHotData.m */; };
		4815734B1DC08D34003515D0 /* XMHotModel.m in Sources */ = {isa = PBXBuildFile; fileRef = 4815734A1DC08D34003515D0 /* XMHotModel.m */; };
		4815734E1DC09004003515D0 /* XMNewModel.m in Sources */ = {isa = PBXBuildFile; fileRef = 4815734D1DC09004003515D0 /* XMNewModel.m */; };
		481573511DC0913F003515D0 /* XMNewData.m in Sources */ = {isa = PBXBuildFile; fileRef = 481573501DC0913F003515D0 /* XMNewData.m */; };
		481573541DC093B0003515D0 /* XRCarouselView.m in Sources */ = {isa = PBXBuildFile; fileRef = 481573531DC093B0003515D0 /* XRCarouselView.m */; };
		481573571DC0961E003515D0 /* XMHotHeaderResult.m in Sources */ = {isa = PBXBuildFile; fileRef = 481573561DC0961E003515D0 /* XMHotHeaderResult.m */; };
		4815735A1DC097BF003515D0 /* XMDealData.m in Sources */ = {isa = PBXBuildFile; fileRef = 481573591DC097BF003515D0 /* XMDealData.m */; };
		4815735E1DC09DE4003515D0 /* XMHotHeaderView.m in Sources */ = {isa = PBXBuildFile; fileRef = 4815735D1DC09DE4003515D0 /* XMHotHeaderView.m */; };
		481573621DC0A524003515D0 /* XMHotTableViewCell.m in Sources */ = {isa = PBXBuildFile; fileRef = 481573601DC0A524003515D0 /* XMHotTableViewCell.m */; };
		481D738D1DC1E18F003EAD39 /* XMCollectionViewCell.m in Sources */ = {isa = PBXBuildFile; fileRef = 481D738B1DC1E18F003EAD39 /* XMCollectionViewCell.m */; };
		481D738E1DC1E18F003EAD39 /* XMCollectionViewCell.xib in Resources */ = {isa = PBXBuildFile; fileRef = 481D738C1DC1E18F003EAD39 /* XMCollectionViewCell.xib */; };
		481D73911DC1E6AB003EAD39 /* AttentionView.m in Sources */ = {isa = PBXBuildFile; fileRef = 481D73901DC1E6AB003EAD39 /* AttentionView.m */; };
		481D73931DC1E6D3003EAD39 /* AttentionView.xib in Resources */ = {isa = PBXBuildFile; fileRef = 481D73921DC1E6D3003EAD39 /* AttentionView.xib */; };
		4821B4271DB872440048476B /* XMHomeViewController.m in Sources */ = {isa = PBXBuildFile; fileRef = 4821B4261DB872440048476B /* XMHomeViewController.m */; };
		4821B4301DB873490048476B /* XMNewViewController.m in Sources */ = {isa = PBXBuildFile; fileRef = 4821B42F1DB873490048476B /* XMNewViewController.m */; };
		4821B4331DB874200048476B /* XMPlayLiveViewController.m in Sources */ = {isa = PBXBuildFile; fileRef = 4821B4321DB874200048476B /* XMPlayLiveViewController.m */; };
		4821B4361DB874D10048476B /* PersonalCenterViewController.m in Sources */ = {isa = PBXBuildFile; fileRef = 4821B4351DB874D10048476B /* PersonalCenterViewController.m */; };
		4821B4391DB875570048476B /* XMTabBarViewController.m in Sources */ = {isa = PBXBuildFile; fileRef = 4821B4381DB875570048476B /* XMTabBarViewController.m */; };
		4821B43C1DB875840048476B /* XMNavigationController.m in Sources */ = {isa = PBXBuildFile; fileRef = 4821B43B1DB875840048476B /* XMNavigationController.m */; };
		4821B4491DB8B8BA0048476B /* XMCustomScrollView.m in Sources */ = {isa = PBXBuildFile; fileRef = 4821B4481DB8B8BA0048476B /* XMCustomScrollView.m */; };
		4821B44C1DB8B8E70048476B /* XMCustomTitleView.m in Sources */ = {isa = PBXBuildFile; fileRef = 4821B44B1DB8B8E70048476B /* XMCustomTitleView.m */; };
		4821B44F1DB8B9400048476B /* XMSearchViewController.m in Sources */ = {isa = PBXBuildFile; fileRef = 4821B44E1DB8B9400048476B /* XMSearchViewController.m */; };
		4821B4521DB8C4CA0048476B /* XMAttentionViewController.m in Sources */ = {isa = PBXBuildFile; fileRef = 4821B4511DB8C4CA0048476B /* XMAttentionViewController.m */; };
		483C23FF1DC9DFE500DA4096 /* HotTableViewCell.xib in Resources */ = {isa = PBXBuildFile; fileRef = 483C23FD1DC9DFE500DA4096 /* HotTableViewCell.xib */; };
		485A580C1DB9F3BF00FA7AFE /* RankingListViewController.m in Sources */ = {isa = PBXBuildFile; fileRef = 485A580B1DB9F3BF00FA7AFE /* RankingListViewController.m */; };
		485C9E031DC34EC200B2D6C9 /* XMHotViewController.m in Sources */ = {isa = PBXBuildFile; fileRef = 485C9E021DC34EC200B2D6C9 /* XMHotViewController.m */; };
		48688AD11DC713580014A295 /* ALinHomeADCell.m in Sources */ = {isa = PBXBuildFile; fileRef = 48688AD01DC713580014A295 /* ALinHomeADCell.m */; };
		48688AD51DC7208E0014A295 /* XMinRefreshGifHeader.m in Sources */ = {isa = PBXBuildFile; fileRef = 48688AD41DC7208E0014A295 /* XMinRefreshGifHeader.m */; };
		48CE5DAE1DCC714600FF3D15 /* XMWatchLiveViewController.m in Sources */ = {isa = PBXBuildFile; fileRef = 48CE5DAD1DCC714600FF3D15 /* XMWatchLiveViewController.m */; };
		48CE5DB11DCC794900FF3D15 /* XMWatchLiveViewCell.m in Sources */ = {isa = PBXBuildFile; fileRef = 48CE5DB01DCC794900FF3D15 /* XMWatchLiveViewCell.m */; };
		48CE5DB41DCC798C00FF3D15 /* XMBottomToolView.m in Sources */ = {isa = PBXBuildFile; fileRef = 48CE5DB31DCC798C00FF3D15 /* XMBottomToolView.m */; };
		48CE5DBA1DCC7A3600FF3D15 /* XMAnchorInfoView.m in Sources */ = {isa = PBXBuildFile; fileRef = 48CE5DB91DCC7A3600FF3D15 /* XMAnchorInfoView.m */; };
		48CE5DBC1DCC7A6800FF3D15 /* XMAnchorInfoView.xib in Resources */ = {isa = PBXBuildFile; fileRef = 48CE5DBB1DCC7A6800FF3D15 /* XMAnchorInfoView.xib */; };
		48CE5DBF1DCC7AFB00FF3D15 /* CatEarView.m in Sources */ = {isa = PBXBuildFile; fileRef = 48CE5DBE1DCC7AFB00FF3D15 /* CatEarView.m */; };
		48CE5DC11DCC7B1000FF3D15 /* CatEarView.xib in Resources */ = {isa = PBXBuildFile; fileRef = 48CE5DC01DCC7B1000FF3D15 /* CatEarView.xib */; };
		48CE5DC41DCC7B8F00FF3D15 /* XMUserInfoView.m in Sources */ = {isa = PBXBuildFile; fileRef = 48CE5DC31DCC7B8F00FF3D15 /* XMUserInfoView.m */; };
		48CE5DC61DCC7B9B00FF3D15 /* UserInfoView.xib in Resources */ = {isa = PBXBuildFile; fileRef = 48CE5DC51DCC7B9B00FF3D15 /* UserInfoView.xib */; };
		48CE5DC91DCC7BD000FF3D15 /* XMLiveEndView.m in Sources */ = {isa = PBXBuildFile; fileRef = 48CE5DC81DCC7BD000FF3D15 /* XMLiveEndView.m */; };
		48CE5DCB1DCC7BE900FF3D15 /* LiveEndView.xib in Resources */ = {isa = PBXBuildFile; fileRef = 48CE5DCA1DCC7BE900FF3D15 /* LiveEndView.xib */; };
		48DE92221D9A6F9300E191E8 /* RequestManager.m in Sources */ = {isa = PBXBuildFile; fileRef = 48DE92211D9A6F9300E191E8 /* RequestManager.m */; };
		48E285191D9BB2A5000965FB /* ResponseObject.m in Sources */ = {isa = PBXBuildFile; fileRef = 48E285181D9BB2A5000965FB /* ResponseObject.m */; };
		48E6776D1D98C0B5004245FD /* IJKMediaFramework.framework in Frameworks */ = {isa = PBXBuildFile; fileRef = 48E6776C1D98C0B5004245FD /* IJKMediaFramework.framework */; };
		48E6778B1D99187C004245FD /* ALinNetworkTool.m in Sources */ = {isa = PBXBuildFile; fileRef = 48E6778A1D99187C004245FD /* ALinNetworkTool.m */; };
		48E6778E1D991B8D004245FD /* Reachability.m in Sources */ = {isa = PBXBuildFile; fileRef = 48E6778D1D991B8D004245FD /* Reachability.m */; };
		48E6B2CE1DAF786900087454 /* XMLoginView.m in Sources */ = {isa = PBXBuildFile; fileRef = 48E6B2CD1DAF786900087454 /* XMLoginView.m */; };
		48E6B2D11DAF78A700087454 /* XMLoginViewController.m in Sources */ = {isa = PBXBuildFile; fileRef = 48E6B2D01DAF78A700087454 /* XMLoginViewController.m */; };
		48E6B2E01DAF865C00087454 /* UIBarButtonItem+XL.m in Sources */ = {isa = PBXBuildFile; fileRef = 48E6B2D31DAF865C00087454 /* UIBarButtonItem+XL.m */; };
		48E6B2E11DAF865C00087454 /* UIButton+Extension.m in Sources */ = {isa = PBXBuildFile; fileRef = 48E6B2D51DAF865C00087454 /* UIButton+Extension.m */; };
		48E6B2E21DAF865C00087454 /* UIDevice+Extension.m in Sources */ = {isa = PBXBuildFile; fileRef = 48E6B2D71DAF865C00087454 /* UIDevice+Extension.m */; };
		48E6B2E31DAF865C00087454 /* UIImage+Extension.m in Sources */ = {isa = PBXBuildFile; fileRef = 48E6B2D91DAF865C00087454 /* UIImage+Extension.m */; };
		48E6B2E41DAF865C00087454 /* UIImageView+Extension.m in Sources */ = {isa = PBXBuildFile; fileRef = 48E6B2DB1DAF865C00087454 /* UIImageView+Extension.m */; };
		48E6B2E51DAF865C00087454 /* UIView+Extension.m in Sources */ = {isa = PBXBuildFile; fileRef = 48E6B2DD1DAF865C00087454 /* UIView+Extension.m */; };
		48E81BA41D95228D00627237 /* main.m in Sources */ = {isa = PBXBuildFile; fileRef = 48E81BA31D95228D00627237 /* main.m */; };
		48E81BA71D95228D00627237 /* AppDelegate.m in Sources */ = {isa = PBXBuildFile; fileRef = 48E81BA61D95228D00627237 /* AppDelegate.m */; };
		48E81BAF1D95228D00627237 /* Assets.xcassets in Resources */ = {isa = PBXBuildFile; fileRef = 48E81BAE1D95228D00627237 /* Assets.xcassets */; };
		48E81BB21D95228D00627237 /* LaunchScreen.storyboard in Resources */ = {isa = PBXBuildFile; fileRef = 48E81BB01D95228D00627237 /* LaunchScreen.storyboard */; };
		48E81BBD1D95228D00627237 /* Miaobo_XMTests.m in Sources */ = {isa = PBXBuildFile; fileRef = 48E81BBC1D95228D00627237 /* Miaobo_XMTests.m */; };
		48E81BC81D95228D00627237 /* Miaobo_XMUITests.m in Sources */ = {isa = PBXBuildFile; fileRef = 48E81BC71D95228D00627237 /* Miaobo_XMUITests.m */; };
		48E959441DA8EC5F007BD8B3 /* SystemConfiguration.framework in Frameworks */ = {isa = PBXBuildFile; fileRef = 48E959431DA8EC5F007BD8B3 /* SystemConfiguration.framework */; };
		48E959461DA8EC6F007BD8B3 /* CoreTelephony.framework in Frameworks */ = {isa = PBXBuildFile; fileRef = 48E959451DA8EC6F007BD8B3 /* CoreTelephony.framework */; };
		48E959481DA8EC9B007BD8B3 /* libsqlite3.tbd in Frameworks */ = {isa = PBXBuildFile; fileRef = 48E959471DA8EC9B007BD8B3 /* libsqlite3.tbd */; };
		48E9594A1DA8ECCA007BD8B3 /* libc++.tbd in Frameworks */ = {isa = PBXBuildFile; fileRef = 48E959491DA8ECCA007BD8B3 /* libc++.tbd */; };
		48E9594C1DA8ECD6007BD8B3 /* libz.tbd in Frameworks */ = {isa = PBXBuildFile; fileRef = 48E9594B1DA8ECD6007BD8B3 /* libz.tbd */; };
		48E9594E1DA8ED6D007BD8B3 /* ImageIO.framework in Frameworks */ = {isa = PBXBuildFile; fileRef = 48E9594D1DA8ED6D007BD8B3 /* ImageIO.framework */; };
		48E9BB701D9D0A7400AB95D1 /* UMSocialLocalizable.strings in Resources */ = {isa = PBXBuildFile; fileRef = 48E9BB561D9D0A7400AB95D1 /* UMSocialLocalizable.strings */; };
		48E9BB711D9D0A7400AB95D1 /* libUMSocial_Sdk_5.2.1.a in Frameworks */ = {isa = PBXBuildFile; fileRef = 48E9BB641D9D0A7400AB95D1 /* libUMSocial_Sdk_5.2.1.a */; };
		48E9BB721D9D0A7400AB95D1 /* UMSCommentDetailController.xib in Resources */ = {isa = PBXBuildFile; fileRef = 48E9BB661D9D0A7400AB95D1 /* UMSCommentDetailController.xib */; };
		48E9BB731D9D0A7400AB95D1 /* UMSCommentInputController.xib in Resources */ = {isa = PBXBuildFile; fileRef = 48E9BB671D9D0A7400AB95D1 /* UMSCommentInputController.xib */; };
		48E9BB741D9D0A7400AB95D1 /* UMSCommentInputControlleriPad.xib in Resources */ = {isa = PBXBuildFile; fileRef = 48E9BB681D9D0A7400AB95D1 /* UMSCommentInputControlleriPad.xib */; };
		48E9BB751D9D0A7400AB95D1 /* UMShareEditViewController.xib in Resources */ = {isa = PBXBuildFile; fileRef = 48E9BB691D9D0A7400AB95D1 /* UMShareEditViewController.xib */; };
		48E9BB761D9D0A7400AB95D1 /* UMShareEditViewControlleriPad.xib in Resources */ = {isa = PBXBuildFile; fileRef = 48E9BB6A1D9D0A7400AB95D1 /* UMShareEditViewControlleriPad.xib */; };
		48E9BB771D9D0A7400AB95D1 /* UMSLoginViewController.xib in Resources */ = {isa = PBXBuildFile; fileRef = 48E9BB6B1D9D0A7400AB95D1 /* UMSLoginViewController.xib */; };
		48E9BB781D9D0A7400AB95D1 /* UMSnsAccountViewController.xib in Resources */ = {isa = PBXBuildFile; fileRef = 48E9BB6C1D9D0A7400AB95D1 /* UMSnsAccountViewController.xib */; };
		48E9BB791D9D0A7400AB95D1 /* UMSShareListController.xib in Resources */ = {isa = PBXBuildFile; fileRef = 48E9BB6D1D9D0A7400AB95D1 /* UMSShareListController.xib */; };
		48E9BB7A1D9D0A7400AB95D1 /* UMSocialSDKResourcesNew.bundle in Resources */ = {isa = PBXBuildFile; fileRef = 48E9BB6E1D9D0A7400AB95D1 /* UMSocialSDKResourcesNew.bundle */; };
		48E9BB851D9D12CE00AB95D1 /* MBProgressHUD.bundle in Resources */ = {isa = PBXBuildFile; fileRef = 48E9BB821D9D12CE00AB95D1 /* MBProgressHUD.bundle */; };
		48E9BB861D9D12CE00AB95D1 /* MBProgressHUD+MJ.m in Sources */ = {isa = PBXBuildFile; fileRef = 48E9BB841D9D12CE00AB95D1 /* MBProgressHUD+MJ.m */; };
		48EC23911DADD35700ADDF07 /* ShareSDK.framework in Frameworks */ = {isa = PBXBuildFile; fileRef = 48EC236E1DADD35700ADDF07 /* ShareSDK.framework */; };
		48EC23921DADD35700ADDF07 /* ShareSDKExtension.framework in Frameworks */ = {isa = PBXBuildFile; fileRef = 48EC23711DADD35700ADDF07 /* ShareSDKExtension.framework */; };
		48EC23931DADD35700ADDF07 /* ShareSDKUI.bundle in Resources */ = {isa = PBXBuildFile; fileRef = 48EC23721DADD35700ADDF07 /* ShareSDKUI.bundle */; };
		48EC23941DADD35700ADDF07 /* ShareSDKUI.framework in Frameworks */ = {isa = PBXBuildFile; fileRef = 48EC23731DADD35700ADDF07 /* ShareSDKUI.framework */; };
		48EC23951DADD35700ADDF07 /* TencentOpenAPI.framework in Frameworks */ = {isa = PBXBuildFile; fileRef = 48EC23761DADD35700ADDF07 /* TencentOpenAPI.framework */; };
		48EC23961DADD35700ADDF07 /* TencentOpenApi_IOS_Bundle.bundle in Resources */ = {isa = PBXBuildFile; fileRef = 48EC23771DADD35700ADDF07 /* TencentOpenApi_IOS_Bundle.bundle */; };
		48EC23971DADD35700ADDF07 /* libWeiboSDK.a in Frameworks */ = {isa = PBXBuildFile; fileRef = 48EC23791DADD35700ADDF07 /* libWeiboSDK.a */; };
		48EC23981DADD35700ADDF07 /* WeiboSDK.bundle in Resources */ = {isa = PBXBuildFile; fileRef = 48EC23831DADD35700ADDF07 /* WeiboSDK.bundle */; };
		48EC23991DADD35700ADDF07 /* libWeChatSDK.a in Frameworks */ = {isa = PBXBuildFile; fileRef = 48EC23871DADD35700ADDF07 /* libWeChatSDK.a */; };
		48EC239A1DADD35700ADDF07 /* read_me.txt in Resources */ = {isa = PBXBuildFile; fileRef = 48EC23881DADD35700ADDF07 /* read_me.txt */; };
		48EC239B1DADD35700ADDF07 /* README.txt in Resources */ = {isa = PBXBuildFile; fileRef = 48EC23891DADD35700ADDF07 /* README.txt */; };
		48EC239C1DADD35700ADDF07 /* MOBFoundation.framework in Frameworks */ = {isa = PBXBuildFile; fileRef = 48EC238E1DADD35700ADDF07 /* MOBFoundation.framework */; };
		48EC239D1DADD35700ADDF07 /* ShareSDK.bundle in Resources */ = {isa = PBXBuildFile; fileRef = 48EC238F1DADD35700ADDF07 /* ShareSDK.bundle */; };
		48EC239E1DADD35700ADDF07 /* ShareSDKConnector.framework in Frameworks */ = {isa = PBXBuildFile; fileRef = 48EC23901DADD35700ADDF07 /* ShareSDKConnector.framework */; };
		48EC23A01DADD7F900ADDF07 /* libicucore.tbd in Frameworks */ = {isa = PBXBuildFile; fileRef = 48EC239F1DADD7F900ADDF07 /* libicucore.tbd */; };
		48EC23A21DADD81F00ADDF07 /* libstdc++.tbd in Frameworks */ = {isa = PBXBuildFile; fileRef = 48EC23A11DADD81F00ADDF07 /* libstdc++.tbd */; };
		48EC23A41DADD84300ADDF07 /* JavaScriptCore.framework in Frameworks */ = {isa = PBXBuildFile; fileRef = 48EC23A31DADD84300ADDF07 /* JavaScriptCore.framework */; };
		48EC23AD1DAE29D200ADDF07 /* login_video.mp4 in Resources */ = {isa = PBXBuildFile; fileRef = 48EC23AB1DAE29D200ADDF07 /* login_video.mp4 */; };
		48EC23AE1DAE29D200ADDF07 /* loginmovie.mp4 in Resources */ = {isa = PBXBuildFile; fileRef = 48EC23AC1DAE29D200ADDF07 /* loginmovie.mp4 */; };
		4BD9E59A872193084F1E58CC /* libPods.a in Frameworks */ = {isa = PBXBuildFile; fileRef = 354F523432CBD3C6C6F94D03 /* libPods.a */; };
/* End PBXBuildFile section */

/* Begin PBXContainerItemProxy section */
		48E81BB91D95228D00627237 /* PBXContainerItemProxy */ = {
			isa = PBXContainerItemProxy;
			containerPortal = 48E81B971D95228D00627237 /* Project object */;
			proxyType = 1;
			remoteGlobalIDString = 48E81B9E1D95228D00627237;
			remoteInfo = Miaobo_XM;
		};
		48E81BC41D95228D00627237 /* PBXContainerItemProxy */ = {
			isa = PBXContainerItemProxy;
			containerPortal = 48E81B971D95228D00627237 /* Project object */;
			proxyType = 1;
			remoteGlobalIDString = 48E81B9E1D95228D00627237;
			remoteInfo = Miaobo_XM;
		};
/* End PBXContainerItemProxy section */

/* Begin PBXFileReference section */
		354F523432CBD3C6C6F94D03 /* libPods.a */ = {isa = PBXFileReference; explicitFileType = archive.ar; includeInIndex = 0; path = libPods.a; sourceTree = BUILT_PRODUCTS_DIR; };
		481573431DC08AD9003515D0 /* XMHotHeaderModel.h */ = {isa = PBXFileReference; fileEncoding = 4; lastKnownFileType = sourcecode.c.h; path = XMHotHeaderModel.h; sourceTree = "<group>"; };
		481573441DC08AD9003515D0 /* XMHotHeaderModel.m */ = {isa = PBXFileReference; fileEncoding = 4; lastKnownFileType = sourcecode.c.objc; path = XMHotHeaderModel.m; sourceTree = "<group>"; };
		481573461DC08C1F003515D0 /* XMHotData.h */ = {isa = PBXFileReference; fileEncoding = 4; lastKnownFileType = sourcecode.c.h; path = XMHotData.h; sourceTree = "<group>"; };
		481573471DC08C1F003515D0 /* XMHotData.m */ = {isa = PBXFileReference; fileEncoding = 4; lastKnownFileType = sourcecode.c.objc; path = XMHotData.m; sourceTree = "<group>"; };
		481573491DC08D34003515D0 /* XMHotModel.h */ = {isa = PBXFileReference; fileEncoding = 4; lastKnownFileType = sourcecode.c.h; path = XMHotModel.h; sourceTree = "<group>"; };
		4815734A1DC08D34003515D0 /* XMHotModel.m */ = {isa = PBXFileReference; fileEncoding = 4; lastKnownFileType = sourcecode.c.objc; path = XMHotModel.m; sourceTree = "<group>"; };
		4815734C1DC09004003515D0 /* XMNewModel.h */ = {isa = PBXFileReference; fileEncoding = 4; lastKnownFileType = sourcecode.c.h; path = XMNewModel.h; sourceTree = "<group>"; };
		4815734D1DC09004003515D0 /* XMNewModel.m */ = {isa = PBXFileReference; fileEncoding = 4; lastKnownFileType = sourcecode.c.objc; path = XMNewModel.m; sourceTree = "<group>"; };
		4815734F1DC0913F003515D0 /* XMNewData.h */ = {isa = PBXFileReference; fileEncoding = 4; lastKnownFileType = sourcecode.c.h; path = XMNewData.h; sourceTree = "<group>"; };
		481573501DC0913F003515D0 /* XMNewData.m */ = {isa = PBXFileReference; fileEncoding = 4; lastKnownFileType = sourcecode.c.objc; path = XMNewData.m; sourceTree = "<group>"; };
		481573521DC093B0003515D0 /* XRCarouselView.h */ = {isa = PBXFileReference; fileEncoding = 4; lastKnownFileType = sourcecode.c.h; path = XRCarouselView.h; sourceTree = "<group>"; };
		481573531DC093B0003515D0 /* XRCarouselView.m */ = {isa = PBXFileReference; fileEncoding = 4; lastKnownFileType = sourcecode.c.objc; path = XRCarouselView.m; sourceTree = "<group>"; };
		481573551DC0961E003515D0 /* XMHotHeaderResult.h */ = {isa = PBXFileReference; fileEncoding = 4; lastKnownFileType = sourcecode.c.h; path = XMHotHeaderResult.h; sourceTree = "<group>"; };
		481573561DC0961E003515D0 /* XMHotHeaderResult.m */ = {isa = PBXFileReference; fileEncoding = 4; lastKnownFileType = sourcecode.c.objc; path = XMHotHeaderResult.m; sourceTree = "<group>"; };
		481573581DC097BF003515D0 /* XMDealData.h */ = {isa = PBXFileReference; fileEncoding = 4; lastKnownFileType = sourcecode.c.h; path = XMDealData.h; sourceTree = "<group>"; };
		481573591DC097BF003515D0 /* XMDealData.m */ = {isa = PBXFileReference; fileEncoding = 4; lastKnownFileType = sourcecode.c.objc; path = XMDealData.m; sourceTree = "<group>"; };
		4815735B1DC09825003515D0 /* XLShareSingle.h */ = {isa = PBXFileReference; fileEncoding = 4; lastKnownFileType = sourcecode.c.h; path = XLShareSingle.h; sourceTree = "<group>"; };
		4815735C1DC09DE4003515D0 /* XMHotHeaderView.h */ = {isa = PBXFileReference; fileEncoding = 4; lastKnownFileType = sourcecode.c.h; path = XMHotHeaderView.h; sourceTree = "<group>"; };
		4815735D1DC09DE4003515D0 /* XMHotHeaderView.m */ = {isa = PBXFileReference; fileEncoding = 4; lastKnownFileType = sourcecode.c.objc; path = XMHotHeaderView.m; sourceTree = "<group>"; };
		4815735F1DC0A524003515D0 /* XMHotTableViewCell.h */ = {isa = PBXFileReference; fileEncoding = 4; lastKnownFileType = sourcecode.c.h; path = XMHotTableViewCell.h; sourceTree = "<group>"; };
		481573601DC0A524003515D0 /* XMHotTableViewCell.m */ = {isa = PBXFileReference; fileEncoding = 4; lastKnownFileType = sourcecode.c.objc; path = XMHotTableViewCell.m; sourceTree = "<group>"; };
		481D738A1DC1E18F003EAD39 /* XMCollectionViewCell.h */ = {isa = PBXFileReference; fileEncoding = 4; lastKnownFileType = sourcecode.c.h; path = XMCollectionViewCell.h; sourceTree = "<group>"; };
		481D738B1DC1E18F003EAD39 /* XMCollectionViewCell.m */ = {isa = PBXFileReference; fileEncoding = 4; lastKnownFileType = sourcecode.c.objc; path = XMCollectionViewCell.m; sourceTree = "<group>"; };
		481D738C1DC1E18F003EAD39 /* XMCollectionViewCell.xib */ = {isa = PBXFileReference; fileEncoding = 4; lastKnownFileType = file.xib; path = XMCollectionViewCell.xib; sourceTree = "<group>"; };
		481D738F1DC1E6AB003EAD39 /* AttentionView.h */ = {isa = PBXFileReference; fileEncoding = 4; lastKnownFileType = sourcecode.c.h; path = AttentionView.h; sourceTree = "<group>"; };
		481D73901DC1E6AB003EAD39 /* AttentionView.m */ = {isa = PBXFileReference; fileEncoding = 4; lastKnownFileType = sourcecode.c.objc; path = AttentionView.m; sourceTree = "<group>"; };
		481D73921DC1E6D3003EAD39 /* AttentionView.xib */ = {isa = PBXFileReference; fileEncoding = 4; lastKnownFileType = file.xib; path = AttentionView.xib; sourceTree = "<group>"; };
		4821B4251DB872440048476B /* XMHomeViewController.h */ = {isa = PBXFileReference; fileEncoding = 4; lastKnownFileType = sourcecode.c.h; path = XMHomeViewController.h; sourceTree = "<group>"; };
		4821B4261DB872440048476B /* XMHomeViewController.m */ = {isa = PBXFileReference; fileEncoding = 4; lastKnownFileType = sourcecode.c.objc; path = XMHomeViewController.m; sourceTree = "<group>"; };
		4821B42E1DB873490048476B /* XMNewViewController.h */ = {isa = PBXFileReference; fileEncoding = 4; lastKnownFileType = sourcecode.c.h; path = XMNewViewController.h; sourceTree = "<group>"; };
		4821B42F1DB873490048476B /* XMNewViewController.m */ = {isa = PBXFileReference; fileEncoding = 4; lastKnownFileType = sourcecode.c.objc; path = XMNewViewController.m; sourceTree = "<group>"; };
		4821B4311DB874200048476B /* XMPlayLiveViewController.h */ = {isa = PBXFileReference; fileEncoding = 4; lastKnownFileType = sourcecode.c.h; path = XMPlayLiveViewController.h; sourceTree = "<group>"; };
		4821B4321DB874200048476B /* XMPlayLiveViewController.m */ = {isa = PBXFileReference; fileEncoding = 4; lastKnownFileType = sourcecode.c.objc; path = XMPlayLiveViewController.m; sourceTree = "<group>"; };
		4821B4341DB874D10048476B /* PersonalCenterViewController.h */ = {isa = PBXFileReference; fileEncoding = 4; lastKnownFileType = sourcecode.c.h; path = PersonalCenterViewController.h; sourceTree = "<group>"; };
		4821B4351DB874D10048476B /* PersonalCenterViewController.m */ = {isa = PBXFileReference; fileEncoding = 4; lastKnownFileType = sourcecode.c.objc; path = PersonalCenterViewController.m; sourceTree = "<group>"; };
		4821B4371DB875570048476B /* XMTabBarViewController.h */ = {isa = PBXFileReference; fileEncoding = 4; lastKnownFileType = sourcecode.c.h; path = XMTabBarViewController.h; sourceTree = "<group>"; };
		4821B4381DB875570048476B /* XMTabBarViewController.m */ = {isa = PBXFileReference; fileEncoding = 4; lastKnownFileType = sourcecode.c.objc; path = XMTabBarViewController.m; sourceTree = "<group>"; };
		4821B43A1DB875840048476B /* XMNavigationController.h */ = {isa = PBXFileReference; fileEncoding = 4; lastKnownFileType = sourcecode.c.h; path = XMNavigationController.h; sourceTree = "<group>"; };
		4821B43B1DB875840048476B /* XMNavigationController.m */ = {isa = PBXFileReference; fileEncoding = 4; lastKnownFileType = sourcecode.c.objc; path = XMNavigationController.m; sourceTree = "<group>"; };
		4821B4471DB8B8BA0048476B /* XMCustomScrollView.h */ = {isa = PBXFileReference; fileEncoding = 4; lastKnownFileType = sourcecode.c.h; path = XMCustomScrollView.h; sourceTree = "<group>"; };
		4821B4481DB8B8BA0048476B /* XMCustomScrollView.m */ = {isa = PBXFileReference; fileEncoding = 4; lastKnownFileType = sourcecode.c.objc; path = XMCustomScrollView.m; sourceTree = "<group>"; };
		4821B44A1DB8B8E70048476B /* XMCustomTitleView.h */ = {isa = PBXFileReference; fileEncoding = 4; lastKnownFileType = sourcecode.c.h; path = XMCustomTitleView.h; sourceTree = "<group>"; };
		4821B44B1DB8B8E70048476B /* XMCustomTitleView.m */ = {isa = PBXFileReference; fileEncoding = 4; lastKnownFileType = sourcecode.c.objc; path = XMCustomTitleView.m; sourceTree = "<group>"; };
		4821B44D1DB8B9400048476B /* XMSearchViewController.h */ = {isa = PBXFileReference; fileEncoding = 4; lastKnownFileType = sourcecode.c.h; path = XMSearchViewController.h; sourceTree = "<group>"; };
		4821B44E1DB8B9400048476B /* XMSearchViewController.m */ = {isa = PBXFileReference; fileEncoding = 4; lastKnownFileType = sourcecode.c.objc; path = XMSearchViewController.m; sourceTree = "<group>"; };
		4821B4501DB8C4CA0048476B /* XMAttentionViewController.h */ = {isa = PBXFileReference; fileEncoding = 4; lastKnownFileType = sourcecode.c.h; path = XMAttentionViewController.h; sourceTree = "<group>"; };
		4821B4511DB8C4CA0048476B /* XMAttentionViewController.m */ = {isa = PBXFileReference; fileEncoding = 4; lastKnownFileType = sourcecode.c.objc; path = XMAttentionViewController.m; sourceTree = "<group>"; };
		483C23FD1DC9DFE500DA4096 /* HotTableViewCell.xib */ = {isa = PBXFileReference; fileEncoding = 4; lastKnownFileType = file.xib; path = HotTableViewCell.xib; sourceTree = "<group>"; };
		485A580A1DB9F3BF00FA7AFE /* RankingListViewController.h */ = {isa = PBXFileReference; fileEncoding = 4; lastKnownFileType = sourcecode.c.h; path = RankingListViewController.h; sourceTree = "<group>"; };
		485A580B1DB9F3BF00FA7AFE /* RankingListViewController.m */ = {isa = PBXFileReference; fileEncoding = 4; lastKnownFileType = sourcecode.c.objc; path = RankingListViewController.m; sourceTree = "<group>"; };
		485C9E011DC34EC200B2D6C9 /* XMHotViewController.h */ = {isa = PBXFileReference; fileEncoding = 4; lastKnownFileType = sourcecode.c.h; path = XMHotViewController.h; sourceTree = "<group>"; };
		485C9E021DC34EC200B2D6C9 /* XMHotViewController.m */ = {isa = PBXFileReference; fileEncoding = 4; lastKnownFileType = sourcecode.c.objc; path = XMHotViewController.m; sourceTree = "<group>"; };
		48688ACF1DC713580014A295 /* ALinHomeADCell.h */ = {isa = PBXFileReference; fileEncoding = 4; lastKnownFileType = sourcecode.c.h; path = ALinHomeADCell.h; sourceTree = "<group>"; };
		48688AD01DC713580014A295 /* ALinHomeADCell.m */ = {isa = PBXFileReference; fileEncoding = 4; lastKnownFileType = sourcecode.c.objc; path = ALinHomeADCell.m; sourceTree = "<group>"; };
		48688AD31DC7208E0014A295 /* XMinRefreshGifHeader.h */ = {isa = PBXFileReference; fileEncoding = 4; lastKnownFileType = sourcecode.c.h; path = XMinRefreshGifHeader.h; sourceTree = "<group>"; };
		48688AD41DC7208E0014A295 /* XMinRefreshGifHeader.m */ = {isa = PBXFileReference; fileEncoding = 4; lastKnownFileType = sourcecode.c.objc; path = XMinRefreshGifHeader.m; sourceTree = "<group>"; };
		489F6FF91D9BC4D600CED312 /* Miaobo.pch */ = {isa = PBXFileReference; lastKnownFileType = sourcecode.c.h; path = Miaobo.pch; sourceTree = "<group>"; };
		48CE5DAC1DCC714600FF3D15 /* XMWatchLiveViewController.h */ = {isa = PBXFileReference; fileEncoding = 4; lastKnownFileType = sourcecode.c.h; path = XMWatchLiveViewController.h; sourceTree = "<group>"; };
		48CE5DAD1DCC714600FF3D15 /* XMWatchLiveViewController.m */ = {isa = PBXFileReference; fileEncoding = 4; lastKnownFileType = sourcecode.c.objc; path = XMWatchLiveViewController.m; sourceTree = "<group>"; };
		48CE5DAF1DCC794900FF3D15 /* XMWatchLiveViewCell.h */ = {isa = PBXFileReference; fileEncoding = 4; lastKnownFileType = sourcecode.c.h; path = XMWatchLiveViewCell.h; sourceTree = "<group>"; };
		48CE5DB01DCC794900FF3D15 /* XMWatchLiveViewCell.m */ = {isa = PBXFileReference; fileEncoding = 4; lastKnownFileType = sourcecode.c.objc; path = XMWatchLiveViewCell.m; sourceTree = "<group>"; };
		48CE5DB21DCC798C00FF3D15 /* XMBottomToolView.h */ = {isa = PBXFileReference; fileEncoding = 4; lastKnownFileType = sourcecode.c.h; path = XMBottomToolView.h; sourceTree = "<group>"; };
		48CE5DB31DCC798C00FF3D15 /* XMBottomToolView.m */ = {isa = PBXFileReference; fileEncoding = 4; lastKnownFileType = sourcecode.c.objc; path = XMBottomToolView.m; sourceTree = "<group>"; };
		48CE5DB81DCC7A3600FF3D15 /* XMAnchorInfoView.h */ = {isa = PBXFileReference; fileEncoding = 4; lastKnownFileType = sourcecode.c.h; path = XMAnchorInfoView.h; sourceTree = "<group>"; };
		48CE5DB91DCC7A3600FF3D15 /* XMAnchorInfoView.m */ = {isa = PBXFileReference; fileEncoding = 4; lastKnownFileType = sourcecode.c.objc; path = XMAnchorInfoView.m; sourceTree = "<group>"; };
		48CE5DBB1DCC7A6800FF3D15 /* XMAnchorInfoView.xib */ = {isa = PBXFileReference; fileEncoding = 4; lastKnownFileType = file.xib; path = XMAnchorInfoView.xib; sourceTree = "<group>"; };
		48CE5DBD1DCC7AFB00FF3D15 /* CatEarView.h */ = {isa = PBXFileReference; fileEncoding = 4; lastKnownFileType = sourcecode.c.h; path = CatEarView.h; sourceTree = "<group>"; };
		48CE5DBE1DCC7AFB00FF3D15 /* CatEarView.m */ = {isa = PBXFileReference; fileEncoding = 4; lastKnownFileType = sourcecode.c.objc; path = CatEarView.m; sourceTree = "<group>"; };
		48CE5DC01DCC7B1000FF3D15 /* CatEarView.xib */ = {isa = PBXFileReference; fileEncoding = 4; lastKnownFileType = file.xib; path = CatEarView.xib; sourceTree = "<group>"; };
		48CE5DC21DCC7B8F00FF3D15 /* XMUserInfoView.h */ = {isa = PBXFileReference; fileEncoding = 4; lastKnownFileType = sourcecode.c.h; path = XMUserInfoView.h; sourceTree = "<group>"; };
		48CE5DC31DCC7B8F00FF3D15 /* XMUserInfoView.m */ = {isa = PBXFileReference; fileEncoding = 4; lastKnownFileType = sourcecode.c.objc; path = XMUserInfoView.m; sourceTree = "<group>"; };
		48CE5DC51DCC7B9B00FF3D15 /* UserInfoView.xib */ = {isa = PBXFileReference; fileEncoding = 4; lastKnownFileType = file.xib; path = UserInfoView.xib; sourceTree = "<group>"; };
		48CE5DC71DCC7BD000FF3D15 /* XMLiveEndView.h */ = {isa = PBXFileReference; fileEncoding = 4; lastKnownFileType = sourcecode.c.h; path = XMLiveEndView.h; sourceTree = "<group>"; };
		48CE5DC81DCC7BD000FF3D15 /* XMLiveEndView.m */ = {isa = PBXFileReference; fileEncoding = 4; lastKnownFileType = sourcecode.c.objc; path = XMLiveEndView.m; sourceTree = "<group>"; };
		48CE5DCA1DCC7BE900FF3D15 /* LiveEndView.xib */ = {isa = PBXFileReference; fileEncoding = 4; lastKnownFileType = file.xib; path = LiveEndView.xib; sourceTree = "<group>"; };
		48DE92201D9A6F9300E191E8 /* RequestManager.h */ = {isa = PBXFileReference; fileEncoding = 4; lastKnownFileType = sourcecode.c.h; path = RequestManager.h; sourceTree = "<group>"; };
		48DE92211D9A6F9300E191E8 /* RequestManager.m */ = {isa = PBXFileReference; fileEncoding = 4; lastKnownFileType = sourcecode.c.objc; path = RequestManager.m; sourceTree = "<group>"; };
		48E285171D9BB2A5000965FB /* ResponseObject.h */ = {isa = PBXFileReference; fileEncoding = 4; lastKnownFileType = sourcecode.c.h; path = ResponseObject.h; sourceTree = "<group>"; };
		48E285181D9BB2A5000965FB /* ResponseObject.m */ = {isa = PBXFileReference; fileEncoding = 4; lastKnownFileType = sourcecode.c.objc; path = ResponseObject.m; sourceTree = "<group>"; };
		48E6776A1D98C06C004245FD /* IJKMediaFramework.framework */ = {isa = PBXFileReference; lastKnownFileType = wrapper.framework; name = IJKMediaFramework.framework; path = "../../资料/直播类源码/IJKMediaFramework.framework"; sourceTree = "<group>"; };
		48E6776C1D98C0B5004245FD /* IJKMediaFramework.framework */ = {isa = PBXFileReference; lastKnownFileType = wrapper.framework; name = IJKMediaFramework.framework; path = ../../IJKMediaFramework.framework; sourceTree = "<group>"; };
		48E677891D99187C004245FD /* ALinNetworkTool.h */ = {isa = PBXFileReference; fileEncoding = 4; lastKnownFileType = sourcecode.c.h; path = ALinNetworkTool.h; sourceTree = "<group>"; };
		48E6778A1D99187C004245FD /* ALinNetworkTool.m */ = {isa = PBXFileReference; fileEncoding = 4; lastKnownFileType = sourcecode.c.objc; path = ALinNetworkTool.m; sourceTree = "<group>"; };
		48E6778C1D991B8D004245FD /* Reachability.h */ = {isa = PBXFileReference; fileEncoding = 4; lastKnownFileType = sourcecode.c.h; path = Reachability.h; sourceTree = "<group>"; };
		48E6778D1D991B8D004245FD /* Reachability.m */ = {isa = PBXFileReference; fileEncoding = 4; lastKnownFileType = sourcecode.c.objc; path = Reachability.m; sourceTree = "<group>"; };
		48E6B2CC1DAF786900087454 /* XMLoginView.h */ = {isa = PBXFileReference; fileEncoding = 4; lastKnownFileType = sourcecode.c.h; path = XMLoginView.h; sourceTree = "<group>"; };
		48E6B2CD1DAF786900087454 /* XMLoginView.m */ = {isa = PBXFileReference; fileEncoding = 4; lastKnownFileType = sourcecode.c.objc; path = XMLoginView.m; sourceTree = "<group>"; };
		48E6B2CF1DAF78A700087454 /* XMLoginViewController.h */ = {isa = PBXFileReference; fileEncoding = 4; lastKnownFileType = sourcecode.c.h; path = XMLoginViewController.h; sourceTree = "<group>"; };
		48E6B2D01DAF78A700087454 /* XMLoginViewController.m */ = {isa = PBXFileReference; fileEncoding = 4; lastKnownFileType = sourcecode.c.objc; path = XMLoginViewController.m; sourceTree = "<group>"; };
		48E6B2D21DAF865C00087454 /* UIBarButtonItem+XL.h */ = {isa = PBXFileReference; fileEncoding = 4; lastKnownFileType = sourcecode.c.h; path = "UIBarButtonItem+XL.h"; sourceTree = "<group>"; };
		48E6B2D31DAF865C00087454 /* UIBarButtonItem+XL.m */ = {isa = PBXFileReference; fileEncoding = 4; lastKnownFileType = sourcecode.c.objc; path = "UIBarButtonItem+XL.m"; sourceTree = "<group>"; };
		48E6B2D41DAF865C00087454 /* UIButton+Extension.h */ = {isa = PBXFileReference; fileEncoding = 4; lastKnownFileType = sourcecode.c.h; path = "UIButton+Extension.h"; sourceTree = "<group>"; };
		48E6B2D51DAF865C00087454 /* UIButton+Extension.m */ = {isa = PBXFileReference; fileEncoding = 4; lastKnownFileType = sourcecode.c.objc; path = "UIButton+Extension.m"; sourceTree = "<group>"; };
		48E6B2D61DAF865C00087454 /* UIDevice+Extension.h */ = {isa = PBXFileReference; fileEncoding = 4; lastKnownFileType = sourcecode.c.h; path = "UIDevice+Extension.h"; sourceTree = "<group>"; };
		48E6B2D71DAF865C00087454 /* UIDevice+Extension.m */ = {isa = PBXFileReference; fileEncoding = 4; lastKnownFileType = sourcecode.c.objc; path = "UIDevice+Extension.m"; sourceTree = "<group>"; };
		48E6B2D81DAF865C00087454 /* UIImage+Extension.h */ = {isa = PBXFileReference; fileEncoding = 4; lastKnownFileType = sourcecode.c.h; path = "UIImage+Extension.h"; sourceTree = "<group>"; };
		48E6B2D91DAF865C00087454 /* UIImage+Extension.m */ = {isa = PBXFileReference; fileEncoding = 4; lastKnownFileType = sourcecode.c.objc; path = "UIImage+Extension.m"; sourceTree = "<group>"; };
		48E6B2DA1DAF865C00087454 /* UIImageView+Extension.h */ = {isa = PBXFileReference; fileEncoding = 4; lastKnownFileType = sourcecode.c.h; path = "UIImageView+Extension.h"; sourceTree = "<group>"; };
		48E6B2DB1DAF865C00087454 /* UIImageView+Extension.m */ = {isa = PBXFileReference; fileEncoding = 4; lastKnownFileType = sourcecode.c.objc; path = "UIImageView+Extension.m"; sourceTree = "<group>"; };
		48E6B2DC1DAF865C00087454 /* UIView+Extension.h */ = {isa = PBXFileReference; fileEncoding = 4; lastKnownFileType = sourcecode.c.h; path = "UIView+Extension.h"; sourceTree = "<group>"; };
		48E6B2DD1DAF865C00087454 /* UIView+Extension.m */ = {isa = PBXFileReference; fileEncoding = 4; lastKnownFileType = sourcecode.c.objc; path = "UIView+Extension.m"; sourceTree = "<group>"; };
		48E81B9F1D95228D00627237 /* Miaobo_XM.app */ = {isa = PBXFileReference; explicitFileType = wrapper.application; includeInIndex = 0; path = Miaobo_XM.app; sourceTree = BUILT_PRODUCTS_DIR; };
		48E81BA31D95228D00627237 /* main.m */ = {isa = PBXFileReference; lastKnownFileType = sourcecode.c.objc; path = main.m; sourceTree = "<group>"; };
		48E81BA51D95228D00627237 /* AppDelegate.h */ = {isa = PBXFileReference; lastKnownFileType = sourcecode.c.h; path = AppDelegate.h; sourceTree = "<group>"; };
		48E81BA61D95228D00627237 /* AppDelegate.m */ = {isa = PBXFileReference; lastKnownFileType = sourcecode.c.objc; path = AppDelegate.m; sourceTree = "<group>"; };
		48E81BAE1D95228D00627237 /* Assets.xcassets */ = {isa = PBXFileReference; lastKnownFileType = folder.assetcatalog; path = Assets.xcassets; sourceTree = "<group>"; };
		48E81BB11D95228D00627237 /* Base */ = {isa = PBXFileReference; lastKnownFileType = file.storyboard; name = Base; path = Base.lproj/LaunchScreen.storyboard; sourceTree = "<group>"; };
		48E81BB31D95228D00627237 /* Info.plist */ = {isa = PBXFileReference; lastKnownFileType = text.plist.xml; path = Info.plist; sourceTree = "<group>"; };
		48E81BB81D95228D00627237 /* Miaobo_XMTests.xctest */ = {isa = PBXFileReference; explicitFileType = wrapper.cfbundle; includeInIndex = 0; path = Miaobo_XMTests.xctest; sourceTree = BUILT_PRODUCTS_DIR; };
		48E81BBC1D95228D00627237 /* Miaobo_XMTests.m */ = {isa = PBXFileReference; lastKnownFileType = sourcecode.c.objc; path = Miaobo_XMTests.m; sourceTree = "<group>"; };
		48E81BBE1D95228D00627237 /* Info.plist */ = {isa = PBXFileReference; lastKnownFileType = text.plist.xml; path = Info.plist; sourceTree = "<group>"; };
		48E81BC31D95228D00627237 /* Miaobo_XMUITests.xctest */ = {isa = PBXFileReference; explicitFileType = wrapper.cfbundle; includeInIndex = 0; path = Miaobo_XMUITests.xctest; sourceTree = BUILT_PRODUCTS_DIR; };
		48E81BC71D95228D00627237 /* Miaobo_XMUITests.m */ = {isa = PBXFileReference; lastKnownFileType = sourcecode.c.objc; path = Miaobo_XMUITests.m; sourceTree = "<group>"; };
		48E81BC91D95228D00627237 /* Info.plist */ = {isa = PBXFileReference; lastKnownFileType = text.plist.xml; path = Info.plist; sourceTree = "<group>"; };
		48E959431DA8EC5F007BD8B3 /* SystemConfiguration.framework */ = {isa = PBXFileReference; lastKnownFileType = wrapper.framework; name = SystemConfiguration.framework; path = System/Library/Frameworks/SystemConfiguration.framework; sourceTree = SDKROOT; };
		48E959451DA8EC6F007BD8B3 /* CoreTelephony.framework */ = {isa = PBXFileReference; lastKnownFileType = wrapper.framework; name = CoreTelephony.framework; path = System/Library/Frameworks/CoreTelephony.framework; sourceTree = SDKROOT; };
		48E959471DA8EC9B007BD8B3 /* libsqlite3.tbd */ = {isa = PBXFileReference; lastKnownFileType = "sourcecode.text-based-dylib-definition"; name = libsqlite3.tbd; path = usr/lib/libsqlite3.tbd; sourceTree = SDKROOT; };
		48E959491DA8ECCA007BD8B3 /* libc++.tbd */ = {isa = PBXFileReference; lastKnownFileType = "sourcecode.text-based-dylib-definition"; name = "libc++.tbd"; path = "usr/lib/libc++.tbd"; sourceTree = SDKROOT; };
		48E9594B1DA8ECD6007BD8B3 /* libz.tbd */ = {isa = PBXFileReference; lastKnownFileType = "sourcecode.text-based-dylib-definition"; name = libz.tbd; path = usr/lib/libz.tbd; sourceTree = SDKROOT; };
		48E9594D1DA8ED6D007BD8B3 /* ImageIO.framework */ = {isa = PBXFileReference; lastKnownFileType = wrapper.framework; name = ImageIO.framework; path = System/Library/Frameworks/ImageIO.framework; sourceTree = SDKROOT; };
		48E9BB531D9CBA5E00AB95D1 /* RequestDefine.h */ = {isa = PBXFileReference; lastKnownFileType = sourcecode.c.h; path = RequestDefine.h; sourceTree = "<group>"; };
		48E9BB571D9D0A7400AB95D1 /* en */ = {isa = PBXFileReference; lastKnownFileType = text.plist.strings; name = en; path = en.lproj/UMSocialLocalizable.strings; sourceTree = "<group>"; };
		48E9BB591D9D0A7400AB95D1 /* UMSocial.h */ = {isa = PBXFileReference; fileEncoding = 4; lastKnownFileType = sourcecode.c.h; path = UMSocial.h; sourceTree = "<group>"; };
		48E9BB5A1D9D0A7400AB95D1 /* UMSocialAccountManager.h */ = {isa = PBXFileReference; fileEncoding = 4; lastKnownFileType = sourcecode.c.h; path = UMSocialAccountManager.h; sourceTree = "<group>"; };
		48E9BB5B1D9D0A7400AB95D1 /* UMSocialBar.h */ = {isa = PBXFileReference; fileEncoding = 4; lastKnownFileType = sourcecode.c.h; path = UMSocialBar.h; sourceTree = "<group>"; };
		48E9BB5C1D9D0A7400AB95D1 /* UMSocialConfig.h */ = {isa = PBXFileReference; fileEncoding = 4; lastKnownFileType = sourcecode.c.h; path = UMSocialConfig.h; sourceTree = "<group>"; };
		48E9BB5D1D9D0A7400AB95D1 /* UMSocialControllerService.h */ = {isa = PBXFileReference; fileEncoding = 4; lastKnownFileType = sourcecode.c.h; path = UMSocialControllerService.h; sourceTree = "<group>"; };
		48E9BB5E1D9D0A7400AB95D1 /* UMSocialControllerServiceComment.h */ = {isa = PBXFileReference; fileEncoding = 4; lastKnownFileType = sourcecode.c.h; path = UMSocialControllerServiceComment.h; sourceTree = "<group>"; };
		48E9BB5F1D9D0A7400AB95D1 /* UMSocialData.h */ = {isa = PBXFileReference; fileEncoding = 4; lastKnownFileType = sourcecode.c.h; path = UMSocialData.h; sourceTree = "<group>"; };
		48E9BB601D9D0A7400AB95D1 /* UMSocialDataService.h */ = {isa = PBXFileReference; fileEncoding = 4; lastKnownFileType = sourcecode.c.h; path = UMSocialDataService.h; sourceTree = "<group>"; };
		48E9BB611D9D0A7400AB95D1 /* UMSocialSnsData.h */ = {isa = PBXFileReference; fileEncoding = 4; lastKnownFileType = sourcecode.c.h; path = UMSocialSnsData.h; sourceTree = "<group>"; };
		48E9BB621D9D0A7400AB95D1 /* UMSocialSnsPlatformManager.h */ = {isa = PBXFileReference; fileEncoding = 4; lastKnownFileType = sourcecode.c.h; path = UMSocialSnsPlatformManager.h; sourceTree = "<group>"; };
		48E9BB631D9D0A7400AB95D1 /* UMSocialSnsService.h */ = {isa = PBXFileReference; fileEncoding = 4; lastKnownFileType = sourcecode.c.h; path = UMSocialSnsService.h; sourceTree = "<group>"; };
		48E9BB641D9D0A7400AB95D1 /* libUMSocial_Sdk_5.2.1.a */ = {isa = PBXFileReference; lastKnownFileType = archive.ar; path = libUMSocial_Sdk_5.2.1.a; sourceTree = "<group>"; };
		48E9BB661D9D0A7400AB95D1 /* UMSCommentDetailController.xib */ = {isa = PBXFileReference; fileEncoding = 4; lastKnownFileType = file.xib; path = UMSCommentDetailController.xib; sourceTree = "<group>"; };
		48E9BB671D9D0A7400AB95D1 /* UMSCommentInputController.xib */ = {isa = PBXFileReference; fileEncoding = 4; lastKnownFileType = file.xib; path = UMSCommentInputController.xib; sourceTree = "<group>"; };
		48E9BB681D9D0A7400AB95D1 /* UMSCommentInputControlleriPad.xib */ = {isa = PBXFileReference; fileEncoding = 4; lastKnownFileType = file.xib; path = UMSCommentInputControlleriPad.xib; sourceTree = "<group>"; };
		48E9BB691D9D0A7400AB95D1 /* UMShareEditViewController.xib */ = {isa = PBXFileReference; fileEncoding = 4; lastKnownFileType = file.xib; path = UMShareEditViewController.xib; sourceTree = "<group>"; };
		48E9BB6A1D9D0A7400AB95D1 /* UMShareEditViewControlleriPad.xib */ = {isa = PBXFileReference; fileEncoding = 4; lastKnownFileType = file.xib; path = UMShareEditViewControlleriPad.xib; sourceTree = "<group>"; };
		48E9BB6B1D9D0A7400AB95D1 /* UMSLoginViewController.xib */ = {isa = PBXFileReference; fileEncoding = 4; lastKnownFileType = file.xib; path = UMSLoginViewController.xib; sourceTree = "<group>"; };
		48E9BB6C1D9D0A7400AB95D1 /* UMSnsAccountViewController.xib */ = {isa = PBXFileReference; fileEncoding = 4; lastKnownFileType = file.xib; path = UMSnsAccountViewController.xib; sourceTree = "<group>"; };
		48E9BB6D1D9D0A7400AB95D1 /* UMSShareListController.xib */ = {isa = PBXFileReference; fileEncoding = 4; lastKnownFileType = file.xib; path = UMSShareListController.xib; sourceTree = "<group>"; };
		48E9BB6E1D9D0A7400AB95D1 /* UMSocialSDKResourcesNew.bundle */ = {isa = PBXFileReference; lastKnownFileType = "wrapper.plug-in"; path = UMSocialSDKResourcesNew.bundle; sourceTree = "<group>"; };
		48E9BB6F1D9D0A7400AB95D1 /* zh-Hans */ = {isa = PBXFileReference; lastKnownFileType = text.plist.strings; name = "zh-Hans"; path = "zh-Hans.lproj/UMSocialLocalizable.strings"; sourceTree = "<group>"; };
		48E9BB7C1D9D0F6700AB95D1 /* ColorDefine.h */ = {isa = PBXFileReference; fileEncoding = 4; lastKnownFileType = sourcecode.c.h; path = ColorDefine.h; sourceTree = "<group>"; };
		48E9BB7D1D9D0F6700AB95D1 /* FontDefine.h */ = {isa = PBXFileReference; fileEncoding = 4; lastKnownFileType = sourcecode.c.h; path = FontDefine.h; sourceTree = "<group>"; };
		48E9BB7E1D9D0F6700AB95D1 /* FrameDefine.h */ = {isa = PBXFileReference; fileEncoding = 4; lastKnownFileType = sourcecode.c.h; path = FrameDefine.h; sourceTree = "<group>"; };
		48E9BB7F1D9D0F6700AB95D1 /* PathDefine.h */ = {isa = PBXFileReference; fileEncoding = 4; lastKnownFileType = sourcecode.c.h; path = PathDefine.h; sourceTree = "<group>"; };
		48E9BB801D9D0F6700AB95D1 /* SystemDefine.h */ = {isa = PBXFileReference; fileEncoding = 4; lastKnownFileType = sourcecode.c.h; path = SystemDefine.h; sourceTree = "<group>"; };
		48E9BB811D9D0F6700AB95D1 /* UtilsDefine.h */ = {isa = PBXFileReference; fileEncoding = 4; lastKnownFileType = sourcecode.c.h; path = UtilsDefine.h; sourceTree = "<group>"; };
		48E9BB821D9D12CE00AB95D1 /* MBProgressHUD.bundle */ = {isa = PBXFileReference; lastKnownFileType = "wrapper.plug-in"; path = MBProgressHUD.bundle; sourceTree = "<group>"; };
		48E9BB831D9D12CE00AB95D1 /* MBProgressHUD+MJ.h */ = {isa = PBXFileReference; fileEncoding = 4; lastKnownFileType = sourcecode.c.h; path = "MBProgressHUD+MJ.h"; sourceTree = "<group>"; };
		48E9BB841D9D12CE00AB95D1 /* MBProgressHUD+MJ.m */ = {isa = PBXFileReference; fileEncoding = 4; lastKnownFileType = sourcecode.c.objc; path = "MBProgressHUD+MJ.m"; sourceTree = "<group>"; };
		48EC236E1DADD35700ADDF07 /* ShareSDK.framework */ = {isa = PBXFileReference; lastKnownFileType = wrapper.framework; path = ShareSDK.framework; sourceTree = "<group>"; };
		48EC23711DADD35700ADDF07 /* ShareSDKExtension.framework */ = {isa = PBXFileReference; lastKnownFileType = wrapper.framework; path = ShareSDKExtension.framework; sourceTree = "<group>"; };
		48EC23721DADD35700ADDF07 /* ShareSDKUI.bundle */ = {isa = PBXFileReference; lastKnownFileType = "wrapper.plug-in"; path = ShareSDKUI.bundle; sourceTree = "<group>"; };
		48EC23731DADD35700ADDF07 /* ShareSDKUI.framework */ = {isa = PBXFileReference; lastKnownFileType = wrapper.framework; path = ShareSDKUI.framework; sourceTree = "<group>"; };
		48EC23761DADD35700ADDF07 /* TencentOpenAPI.framework */ = {isa = PBXFileReference; lastKnownFileType = wrapper.framework; path = TencentOpenAPI.framework; sourceTree = "<group>"; };
		48EC23771DADD35700ADDF07 /* TencentOpenApi_IOS_Bundle.bundle */ = {isa = PBXFileReference; lastKnownFileType = "wrapper.plug-in"; path = TencentOpenApi_IOS_Bundle.bundle; sourceTree = "<group>"; };
		48EC23791DADD35700ADDF07 /* libWeiboSDK.a */ = {isa = PBXFileReference; lastKnownFileType = archive.ar; path = libWeiboSDK.a; sourceTree = "<group>"; };
		48EC237A1DADD35700ADDF07 /* WBHttpRequest+WeiboGame.h */ = {isa = PBXFileReference; fileEncoding = 4; lastKnownFileType = sourcecode.c.h; path = "WBHttpRequest+WeiboGame.h"; sourceTree = "<group>"; };
		48EC237B1DADD35700ADDF07 /* WBHttpRequest+WeiboShare.h */ = {isa = PBXFileReference; fileEncoding = 4; lastKnownFileType = sourcecode.c.h; path = "WBHttpRequest+WeiboShare.h"; sourceTree = "<group>"; };
		48EC237C1DADD35700ADDF07 /* WBHttpRequest+WeiboToken.h */ = {isa = PBXFileReference; fileEncoding = 4; lastKnownFileType = sourcecode.c.h; path = "WBHttpRequest+WeiboToken.h"; sourceTree = "<group>"; };
		48EC237D1DADD35700ADDF07 /* WBHttpRequest+WeiboUser.h */ = {isa = PBXFileReference; fileEncoding = 4; lastKnownFileType = sourcecode.c.h; path = "WBHttpRequest+WeiboUser.h"; sourceTree = "<group>"; };
		48EC237E1DADD35700ADDF07 /* WBHttpRequest.h */ = {isa = PBXFileReference; fileEncoding = 4; lastKnownFileType = sourcecode.c.h; path = WBHttpRequest.h; sourceTree = "<group>"; };
		48EC237F1DADD35700ADDF07 /* WBSDKBasicButton.h */ = {isa = PBXFileReference; fileEncoding = 4; lastKnownFileType = sourcecode.c.h; path = WBSDKBasicButton.h; sourceTree = "<group>"; };
		48EC23801DADD35700ADDF07 /* WBSDKCommentButton.h */ = {isa = PBXFileReference; fileEncoding = 4; lastKnownFileType = sourcecode.c.h; path = WBSDKCommentButton.h; sourceTree = "<group>"; };
		48EC23811DADD35700ADDF07 /* WBSDKRelationshipButton.h */ = {isa = PBXFileReference; fileEncoding = 4; lastKnownFileType = sourcecode.c.h; path = WBSDKRelationshipButton.h; sourceTree = "<group>"; };
		48EC23821DADD35700ADDF07 /* WeiboSDK+Statistics.h */ = {isa = PBXFileReference; fileEncoding = 4; lastKnownFileType = sourcecode.c.h; path = "WeiboSDK+Statistics.h"; sourceTree = "<group>"; };
		48EC23831DADD35700ADDF07 /* WeiboSDK.bundle */ = {isa = PBXFileReference; lastKnownFileType = "wrapper.plug-in"; path = WeiboSDK.bundle; sourceTree = "<group>"; };
		48EC23841DADD35700ADDF07 /* WeiboSDK.h */ = {isa = PBXFileReference; fileEncoding = 4; lastKnownFileType = sourcecode.c.h; path = WeiboSDK.h; sourceTree = "<group>"; };
		48EC23851DADD35700ADDF07 /* WeiboUser.h */ = {isa = PBXFileReference; fileEncoding = 4; lastKnownFileType = sourcecode.c.h; path = WeiboUser.h; sourceTree = "<group>"; };
		48EC23871DADD35700ADDF07 /* libWeChatSDK.a */ = {isa = PBXFileReference; lastKnownFileType = archive.ar; path = libWeChatSDK.a; sourceTree = "<group>"; };
		48EC23881DADD35700ADDF07 /* read_me.txt */ = {isa = PBXFileReference; fileEncoding = 4; lastKnownFileType = text; path = read_me.txt; sourceTree = "<group>"; };
		48EC23891DADD35700ADDF07 /* README.txt */ = {isa = PBXFileReference; fileEncoding = 4; lastKnownFileType = text; path = README.txt; sourceTree = "<group>"; };
		48EC238A1DADD35700ADDF07 /* WechatAuthSDK.h */ = {isa = PBXFileReference; fileEncoding = 4; lastKnownFileType = sourcecode.c.h; path = WechatAuthSDK.h; sourceTree = "<group>"; };
		48EC238B1DADD35700ADDF07 /* WXApi.h */ = {isa = PBXFileReference; fileEncoding = 4; lastKnownFileType = sourcecode.c.h; path = WXApi.h; sourceTree = "<group>"; };
		48EC238C1DADD35700ADDF07 /* WXApiObject.h */ = {isa = PBXFileReference; fileEncoding = 4; lastKnownFileType = sourcecode.c.h; path = WXApiObject.h; sourceTree = "<group>"; };
		48EC238E1DADD35700ADDF07 /* MOBFoundation.framework */ = {isa = PBXFileReference; lastKnownFileType = wrapper.framework; path = MOBFoundation.framework; sourceTree = "<group>"; };
		48EC238F1DADD35700ADDF07 /* ShareSDK.bundle */ = {isa = PBXFileReference; lastKnownFileType = "wrapper.plug-in"; path = ShareSDK.bundle; sourceTree = "<group>"; };
		48EC23901DADD35700ADDF07 /* ShareSDKConnector.framework */ = {isa = PBXFileReference; lastKnownFileType = wrapper.framework; path = ShareSDKConnector.framework; sourceTree = "<group>"; };
		48EC239F1DADD7F900ADDF07 /* libicucore.tbd */ = {isa = PBXFileReference; lastKnownFileType = "sourcecode.text-based-dylib-definition"; name = libicucore.tbd; path = usr/lib/libicucore.tbd; sourceTree = SDKROOT; };
		48EC23A11DADD81F00ADDF07 /* libstdc++.tbd */ = {isa = PBXFileReference; lastKnownFileType = "sourcecode.text-based-dylib-definition"; name = "libstdc++.tbd"; path = "usr/lib/libstdc++.tbd"; sourceTree = SDKROOT; };
		48EC23A31DADD84300ADDF07 /* JavaScriptCore.framework */ = {isa = PBXFileReference; lastKnownFileType = wrapper.framework; name = JavaScriptCore.framework; path = System/Library/Frameworks/JavaScriptCore.framework; sourceTree = SDKROOT; };
		48EC23AB1DAE29D200ADDF07 /* login_video.mp4 */ = {isa = PBXFileReference; lastKnownFileType = file; path = login_video.mp4; sourceTree = "<group>"; };
		48EC23AC1DAE29D200ADDF07 /* loginmovie.mp4 */ = {isa = PBXFileReference; lastKnownFileType = file; path = loginmovie.mp4; sourceTree = "<group>"; };
		971B90CC84B1EF2CB0C79A67 /* Pods.debug.xcconfig */ = {isa = PBXFileReference; includeInIndex = 1; lastKnownFileType = text.xcconfig; name = Pods.debug.xcconfig; path = "Pods/Target Support Files/Pods/Pods.debug.xcconfig"; sourceTree = "<group>"; };
		D99636FF83D4D15F129E199C /* Pods.release.xcconfig */ = {isa = PBXFileReference; includeInIndex = 1; lastKnownFileType = text.xcconfig; name = Pods.release.xcconfig; path = "Pods/Target Support Files/Pods/Pods.release.xcconfig"; sourceTree = "<group>"; };
/* End PBXFileReference section */

/* Begin PBXFrameworksBuildPhase section */
		48E81B9C1D95228D00627237 /* Frameworks */ = {
			isa = PBXFrameworksBuildPhase;
			buildActionMask = 2147483647;
			files = (
				48EC23A41DADD84300ADDF07 /* JavaScriptCore.framework in Frameworks */,
				48EC23A21DADD81F00ADDF07 /* libstdc++.tbd in Frameworks */,
				48EC23A01DADD7F900ADDF07 /* libicucore.tbd in Frameworks */,
				48E9594E1DA8ED6D007BD8B3 /* ImageIO.framework in Frameworks */,
				48EC239E1DADD35700ADDF07 /* ShareSDKConnector.framework in Frameworks */,
				48E9594C1DA8ECD6007BD8B3 /* libz.tbd in Frameworks */,
				48E9594A1DA8ECCA007BD8B3 /* libc++.tbd in Frameworks */,
				48EC23971DADD35700ADDF07 /* libWeiboSDK.a in Frameworks */,
				48E959481DA8EC9B007BD8B3 /* libsqlite3.tbd in Frameworks */,
				48EC23951DADD35700ADDF07 /* TencentOpenAPI.framework in Frameworks */,
				48E959461DA8EC6F007BD8B3 /* CoreTelephony.framework in Frameworks */,
				48E959441DA8EC5F007BD8B3 /* SystemConfiguration.framework in Frameworks */,
				48EC239C1DADD35700ADDF07 /* MOBFoundation.framework in Frameworks */,
				48E6776D1D98C0B5004245FD /* IJKMediaFramework.framework in Frameworks */,
				48EC23941DADD35700ADDF07 /* ShareSDKUI.framework in Frameworks */,
				48E9BB711D9D0A7400AB95D1 /* libUMSocial_Sdk_5.2.1.a in Frameworks */,
				4BD9E59A872193084F1E58CC /* libPods.a in Frameworks */,
				48EC23921DADD35700ADDF07 /* ShareSDKExtension.framework in Frameworks */,
				48EC23911DADD35700ADDF07 /* ShareSDK.framework in Frameworks */,
				48EC23991DADD35700ADDF07 /* libWeChatSDK.a in Frameworks */,
			);
			runOnlyForDeploymentPostprocessing = 0;
		};
		48E81BB51D95228D00627237 /* Frameworks */ = {
			isa = PBXFrameworksBuildPhase;
			buildActionMask = 2147483647;
			files = (
			);
			runOnlyForDeploymentPostprocessing = 0;
		};
		48E81BC01D95228D00627237 /* Frameworks */ = {
			isa = PBXFrameworksBuildPhase;
			buildActionMask = 2147483647;
			files = (
			);
			runOnlyForDeploymentPostprocessing = 0;
		};
/* End PBXFrameworksBuildPhase section */

/* Begin PBXGroup section */
		4821B4211DB8720D0048476B /* Mian(首页主视图) */ = {
			isa = PBXGroup;
			children = (
				4821B4221DB8720D0048476B /* Controller */,
				4821B4231DB8720D0048476B /* Model */,
				4821B4241DB8720D0048476B /* View */,
			);
			path = "Mian(首页主视图)";
			sourceTree = "<group>";
		};
		4821B4221DB8720D0048476B /* Controller */ = {
			isa = PBXGroup;
			children = (
				4821B4251DB872440048476B /* XMHomeViewController.h */,
				4821B4261DB872440048476B /* XMHomeViewController.m */,
			);
			path = Controller;
			sourceTree = "<group>";
		};
		4821B4231DB8720D0048476B /* Model */ = {
			isa = PBXGroup;
			children = (
			);
			path = Model;
			sourceTree = "<group>";
		};
		4821B4241DB8720D0048476B /* View */ = {
			isa = PBXGroup;
			children = (
				4821B4471DB8B8BA0048476B /* XMCustomScrollView.h */,
				4821B4481DB8B8BA0048476B /* XMCustomScrollView.m */,
				4821B44A1DB8B8E70048476B /* XMCustomTitleView.h */,
				4821B44B1DB8B8E70048476B /* XMCustomTitleView.m */,
			);
			path = View;
			sourceTree = "<group>";
		};
		48688AD21DC7203E0014A295 /* Refresh(刷新) */ = {
			isa = PBXGroup;
			children = (
				48688AD31DC7208E0014A295 /* XMinRefreshGifHeader.h */,
				48688AD41DC7208E0014A295 /* XMinRefreshGifHeader.m */,
			);
			path = "Refresh(刷新)";
			sourceTree = "<group>";
		};
		48CE5DAB1DCC70A700FF3D15 /* Controller */ = {
			isa = PBXGroup;
			children = (
				48CE5DAC1DCC714600FF3D15 /* XMWatchLiveViewController.h */,
				48CE5DAD1DCC714600FF3D15 /* XMWatchLiveViewController.m */,
			);
			path = Controller;
			sourceTree = "<group>";
		};
		48E2851A1D9BB84A000965FB /* Macro(宏) */ = {
			isa = PBXGroup;
			children = (
				48E9BB7B1D9D0F3C00AB95D1 /* CommonDefine */,
				489F6FF91D9BC4D600CED312 /* Miaobo.pch */,
				48E9BB531D9CBA5E00AB95D1 /* RequestDefine.h */,
				4815735B1DC09825003515D0 /* XLShareSingle.h */,
			);
			path = "Macro(宏)";
			sourceTree = "<group>";
		};
		48E6776F1D990E2F004245FD /* NetworkState(网络状态) */ = {
			isa = PBXGroup;
			children = (
				48E6778C1D991B8D004245FD /* Reachability.h */,
				48E6778D1D991B8D004245FD /* Reachability.m */,
				48E677891D99187C004245FD /* ALinNetworkTool.h */,
				48E6778A1D99187C004245FD /* ALinNetworkTool.m */,
				48DE92201D9A6F9300E191E8 /* RequestManager.h */,
				48DE92211D9A6F9300E191E8 /* RequestManager.m */,
				48E285171D9BB2A5000965FB /* ResponseObject.h */,
				48E285181D9BB2A5000965FB /* ResponseObject.m */,
				481573581DC097BF003515D0 /* XMDealData.h */,
				481573591DC097BF003515D0 /* XMDealData.m */,
			);
			path = "NetworkState(网络状态)";
			sourceTree = "<group>";
		};
		48E6B2A71DAF4FD000087454 /* Other(其他) */ = {
			isa = PBXGroup;
			children = (
				48E6B2A81DAF4FD000087454 /* Category(扩展) */,
			);
			path = "Other(其他)";
			sourceTree = "<group>";
		};
		48E6B2A81DAF4FD000087454 /* Category(扩展) */ = {
			isa = PBXGroup;
			children = (
				48688AD21DC7203E0014A295 /* Refresh(刷新) */,
				48E6B2D21DAF865C00087454 /* UIBarButtonItem+XL.h */,
				48E6B2D31DAF865C00087454 /* UIBarButtonItem+XL.m */,
				48E6B2D41DAF865C00087454 /* UIButton+Extension.h */,
				48E6B2D51DAF865C00087454 /* UIButton+Extension.m */,
				48E6B2D61DAF865C00087454 /* UIDevice+Extension.h */,
				48E6B2D71DAF865C00087454 /* UIDevice+Extension.m */,
				48E6B2D81DAF865C00087454 /* UIImage+Extension.h */,
				48E6B2D91DAF865C00087454 /* UIImage+Extension.m */,
				48E6B2DA1DAF865C00087454 /* UIImageView+Extension.h */,
				48E6B2DB1DAF865C00087454 /* UIImageView+Extension.m */,
				48E6B2DC1DAF865C00087454 /* UIView+Extension.h */,
				48E6B2DD1DAF865C00087454 /* UIView+Extension.m */,
			);
			path = "Category(扩展)";
			sourceTree = "<group>";
		};
		48E6B2A91DAF741800087454 /* personalCenter(个人中心) */ = {
			isa = PBXGroup;
			children = (
				48E6B2AA1DAF741800087454 /* Controller */,
				48E6B2AB1DAF741800087454 /* Model */,
				48E6B2AC1DAF741800087454 /* View */,
			);
			path = "personalCenter(个人中心)";
			sourceTree = "<group>";
		};
		48E6B2AA1DAF741800087454 /* Controller */ = {
			isa = PBXGroup;
			children = (
				4821B4341DB874D10048476B /* PersonalCenterViewController.h */,
				4821B4351DB874D10048476B /* PersonalCenterViewController.m */,
			);
			path = Controller;
			sourceTree = "<group>";
		};
		48E6B2AB1DAF741800087454 /* Model */ = {
			isa = PBXGroup;
			children = (
			);
			path = Model;
			sourceTree = "<group>";
		};
		48E6B2AC1DAF741800087454 /* View */ = {
			isa = PBXGroup;
			children = (
			);
			path = View;
			sourceTree = "<group>";
		};
		48E6B2AD1DAF742400087454 /* Live(直播) */ = {
			isa = PBXGroup;
			children = (
				48E6B2AE1DAF742400087454 /* Controller */,
				48E6B2AF1DAF742400087454 /* Model */,
				48E6B2B01DAF742400087454 /* View */,
			);
			path = "Live(直播)";
			sourceTree = "<group>";
		};
		48E6B2AE1DAF742400087454 /* Controller */ = {
			isa = PBXGroup;
			children = (
				4821B4311DB874200048476B /* XMPlayLiveViewController.h */,
				4821B4321DB874200048476B /* XMPlayLiveViewController.m */,
			);
			path = Controller;
			sourceTree = "<group>";
		};
		48E6B2AF1DAF742400087454 /* Model */ = {
			isa = PBXGroup;
			children = (
			);
			path = Model;
			sourceTree = "<group>";
		};
		48E6B2B01DAF742400087454 /* View */ = {
			isa = PBXGroup;
			children = (
			);
			path = View;
			sourceTree = "<group>";
		};
		48E6B2B11DAF742C00087454 /* HomePage(首页) */ = {
			isa = PBXGroup;
			children = (
				4821B4211DB8720D0048476B /* Mian(首页主视图) */,
				48E6B2B21DAF742C00087454 /* Attention(关注) */,
				48E6B2B61DAF742C00087454 /* Hot(热门) */,
				48E6B2BA1DAF742C00087454 /* live */,
				48E6B2BD1DAF742C00087454 /* New(最新) */,
				48E6B2C11DAF742C00087454 /* RankingList(排行榜) */,
				48E6B2C51DAF742C00087454 /* Search(搜索) */,
			);
			path = "HomePage(首页)";
			sourceTree = "<group>";
		};
		48E6B2B21DAF742C00087454 /* Attention(关注) */ = {
			isa = PBXGroup;
			children = (
				48E6B2B31DAF742C00087454 /* Controller */,
				48E6B2B41DAF742C00087454 /* Model */,
				48E6B2B51DAF742C00087454 /* View */,
			);
			path = "Attention(关注)";
			sourceTree = "<group>";
		};
		48E6B2B31DAF742C00087454 /* Controller */ = {
			isa = PBXGroup;
			children = (
				4821B4501DB8C4CA0048476B /* XMAttentionViewController.h */,
				4821B4511DB8C4CA0048476B /* XMAttentionViewController.m */,
			);
			path = Controller;
			sourceTree = "<group>";
		};
		48E6B2B41DAF742C00087454 /* Model */ = {
			isa = PBXGroup;
			children = (
			);
			path = Model;
			sourceTree = "<group>";
		};
		48E6B2B51DAF742C00087454 /* View */ = {
			isa = PBXGroup;
			children = (
				481D738F1DC1E6AB003EAD39 /* AttentionView.h */,
				481D73901DC1E6AB003EAD39 /* AttentionView.m */,
				481D73921DC1E6D3003EAD39 /* AttentionView.xib */,
			);
			path = View;
			sourceTree = "<group>";
		};
		48E6B2B61DAF742C00087454 /* Hot(热门) */ = {
			isa = PBXGroup;
			children = (
				48E6B2B71DAF742C00087454 /* Controller */,
				48E6B2B81DAF742C00087454 /* Model */,
				48E6B2B91DAF742C00087454 /* View */,
			);
			path = "Hot(热门)";
			sourceTree = "<group>";
		};
		48E6B2B71DAF742C00087454 /* Controller */ = {
			isa = PBXGroup;
			children = (
				485C9E011DC34EC200B2D6C9 /* XMHotViewController.h */,
				485C9E021DC34EC200B2D6C9 /* XMHotViewController.m */,
			);
			path = Controller;
			sourceTree = "<group>";
		};
		48E6B2B81DAF742C00087454 /* Model */ = {
			isa = PBXGroup;
			children = (
				481573431DC08AD9003515D0 /* XMHotHeaderModel.h */,
				481573441DC08AD9003515D0 /* XMHotHeaderModel.m */,
				481573461DC08C1F003515D0 /* XMHotData.h */,
				481573471DC08C1F003515D0 /* XMHotData.m */,
				481573491DC08D34003515D0 /* XMHotModel.h */,
				4815734A1DC08D34003515D0 /* XMHotModel.m */,
				481573551DC0961E003515D0 /* XMHotHeaderResult.h */,
				481573561DC0961E003515D0 /* XMHotHeaderResult.m */,
			);
			path = Model;
			sourceTree = "<group>";
		};
		48E6B2B91DAF742C00087454 /* View */ = {
			isa = PBXGroup;
			children = (
				481573521DC093B0003515D0 /* XRCarouselView.h */,
				481573531DC093B0003515D0 /* XRCarouselView.m */,
				4815735C1DC09DE4003515D0 /* XMHotHeaderView.h */,
				4815735D1DC09DE4003515D0 /* XMHotHeaderView.m */,
				4815735F1DC0A524003515D0 /* XMHotTableViewCell.h */,
				481573601DC0A524003515D0 /* XMHotTableViewCell.m */,
				483C23FD1DC9DFE500DA4096 /* HotTableViewCell.xib */,
				48688ACF1DC713580014A295 /* ALinHomeADCell.h */,
				48688AD01DC713580014A295 /* ALinHomeADCell.m */,
			);
			path = View;
			sourceTree = "<group>";
		};
		48E6B2BA1DAF742C00087454 /* live */ = {
			isa = PBXGroup;
			children = (
				48CE5DAB1DCC70A700FF3D15 /* Controller */,
				48E6B2BB1DAF742C00087454 /* SafeObject */,
				48E6B2BC1DAF742C00087454 /* View(直播视图) */,
			);
			path = live;
			sourceTree = "<group>";
		};
		48E6B2BB1DAF742C00087454 /* SafeObject */ = {
			isa = PBXGroup;
			children = (
			);
			path = SafeObject;
			sourceTree = "<group>";
		};
		48E6B2BC1DAF742C00087454 /* View(直播视图) */ = {
			isa = PBXGroup;
			children = (
				48CE5DAF1DCC794900FF3D15 /* XMWatchLiveViewCell.h */,
				48CE5DB01DCC794900FF3D15 /* XMWatchLiveViewCell.m */,
				48CE5DB21DCC798C00FF3D15 /* XMBottomToolView.h */,
				48CE5DB31DCC798C00FF3D15 /* XMBottomToolView.m */,
				48CE5DB81DCC7A3600FF3D15 /* XMAnchorInfoView.h */,
				48CE5DB91DCC7A3600FF3D15 /* XMAnchorInfoView.m */,
				48CE5DBB1DCC7A6800FF3D15 /* XMAnchorInfoView.xib */,
				48CE5DBD1DCC7AFB00FF3D15 /* CatEarView.h */,
				48CE5DBE1DCC7AFB00FF3D15 /* CatEarView.m */,
				48CE5DC01DCC7B1000FF3D15 /* CatEarView.xib */,
				48CE5DC21DCC7B8F00FF3D15 /* XMUserInfoView.h */,
				48CE5DC31DCC7B8F00FF3D15 /* XMUserInfoView.m */,
				48CE5DC51DCC7B9B00FF3D15 /* UserInfoView.xib */,
				48CE5DC71DCC7BD000FF3D15 /* XMLiveEndView.h */,
				48CE5DC81DCC7BD000FF3D15 /* XMLiveEndView.m */,
				48CE5DCA1DCC7BE900FF3D15 /* LiveEndView.xib */,
			);
			path = "View(直播视图)";
			sourceTree = "<group>";
		};
		48E6B2BD1DAF742C00087454 /* New(最新) */ = {
			isa = PBXGroup;
			children = (
				48E6B2BE1DAF742C00087454 /* Controller */,
				48E6B2BF1DAF742C00087454 /* Model */,
				48E6B2C01DAF742C00087454 /* View */,
			);
			path = "New(最新)";
			sourceTree = "<group>";
		};
		48E6B2BE1DAF742C00087454 /* Controller */ = {
			isa = PBXGroup;
			children = (
				4821B42E1DB873490048476B /* XMNewViewController.h */,
				4821B42F1DB873490048476B /* XMNewViewController.m */,
			);
			path = Controller;
			sourceTree = "<group>";
		};
		48E6B2BF1DAF742C00087454 /* Model */ = {
			isa = PBXGroup;
			children = (
				4815734C1DC09004003515D0 /* XMNewModel.h */,
				4815734D1DC09004003515D0 /* XMNewModel.m */,
				4815734F1DC0913F003515D0 /* XMNewData.h */,
				481573501DC0913F003515D0 /* XMNewData.m */,
			);
			path = Model;
			sourceTree = "<group>";
		};
		48E6B2C01DAF742C00087454 /* View */ = {
			isa = PBXGroup;
			children = (
				481D738A1DC1E18F003EAD39 /* XMCollectionViewCell.h */,
				481D738B1DC1E18F003EAD39 /* XMCollectionViewCell.m */,
				481D738C1DC1E18F003EAD39 /* XMCollectionViewCell.xib */,
			);
			path = View;
			sourceTree = "<group>";
		};
		48E6B2C11DAF742C00087454 /* RankingList(排行榜) */ = {
			isa = PBXGroup;
			children = (
				48E6B2C21DAF742C00087454 /* Controller */,
				48E6B2C31DAF742C00087454 /* Model */,
				48E6B2C41DAF742C00087454 /* View */,
			);
			path = "RankingList(排行榜)";
			sourceTree = "<group>";
		};
		48E6B2C21DAF742C00087454 /* Controller */ = {
			isa = PBXGroup;
			children = (
				485A580A1DB9F3BF00FA7AFE /* RankingListViewController.h */,
				485A580B1DB9F3BF00FA7AFE /* RankingListViewController.m */,
			);
			path = Controller;
			sourceTree = "<group>";
		};
		48E6B2C31DAF742C00087454 /* Model */ = {
			isa = PBXGroup;
			children = (
			);
			path = Model;
			sourceTree = "<group>";
		};
		48E6B2C41DAF742C00087454 /* View */ = {
			isa = PBXGroup;
			children = (
			);
			path = View;
			sourceTree = "<group>";
		};
		48E6B2C51DAF742C00087454 /* Search(搜索) */ = {
			isa = PBXGroup;
			children = (
				48E6B2C61DAF742C00087454 /* Controller */,
				48E6B2C71DAF742C00087454 /* Model */,
				48E6B2C81DAF742C00087454 /* View */,
			);
			path = "Search(搜索)";
			sourceTree = "<group>";
		};
		48E6B2C61DAF742C00087454 /* Controller */ = {
			isa = PBXGroup;
			children = (
				4821B44D1DB8B9400048476B /* XMSearchViewController.h */,
				4821B44E1DB8B9400048476B /* XMSearchViewController.m */,
			);
			path = Controller;
			sourceTree = "<group>";
		};
		48E6B2C71DAF742C00087454 /* Model */ = {
			isa = PBXGroup;
			children = (
			);
			path = Model;
			sourceTree = "<group>";
		};
		48E6B2C81DAF742C00087454 /* View */ = {
			isa = PBXGroup;
			children = (
			);
			path = View;
			sourceTree = "<group>";
		};
		48E6B2C91DAF743500087454 /* MainController(主视图控制器) */ = {
			isa = PBXGroup;
			children = (
				48E6B2CA1DAF743500087454 /* NavigationController */,
				48E6B2CB1DAF743500087454 /* TabBarViewController */,
			);
			path = "MainController(主视图控制器)";
			sourceTree = "<group>";
		};
		48E6B2CA1DAF743500087454 /* NavigationController */ = {
			isa = PBXGroup;
			children = (
				4821B43A1DB875840048476B /* XMNavigationController.h */,
				4821B43B1DB875840048476B /* XMNavigationController.m */,
			);
			path = NavigationController;
			sourceTree = "<group>";
		};
		48E6B2CB1DAF743500087454 /* TabBarViewController */ = {
			isa = PBXGroup;
			children = (
				4821B4371DB875570048476B /* XMTabBarViewController.h */,
				4821B4381DB875570048476B /* XMTabBarViewController.m */,
			);
			path = TabBarViewController;
			sourceTree = "<group>";
		};
		48E81B961D95228D00627237 = {
			isa = PBXGroup;
			children = (
				48E81BA11D95228D00627237 /* Miaobo_XM */,
				48E81BBB1D95228D00627237 /* Miaobo_XMTests */,
				48E81BC61D95228D00627237 /* Miaobo_XMUITests */,
				48E81BA01D95228D00627237 /* Products */,
				8DF350B7B104732AF60686D4 /* Pods */,
				C827E22134FF665C33071E0E /* Frameworks */,
			);
			sourceTree = "<group>";
		};
		48E81BA01D95228D00627237 /* Products */ = {
			isa = PBXGroup;
			children = (
				48E81B9F1D95228D00627237 /* Miaobo_XM.app */,
				48E81BB81D95228D00627237 /* Miaobo_XMTests.xctest */,
				48E81BC31D95228D00627237 /* Miaobo_XMUITests.xctest */,
			);
			name = Products;
			sourceTree = "<group>";
		};
		48E81BA11D95228D00627237 /* Miaobo_XM */ = {
			isa = PBXGroup;
			children = (
				48E81BA51D95228D00627237 /* AppDelegate.h */,
				48E81BA61D95228D00627237 /* AppDelegate.m */,
				48E6B2C91DAF743500087454 /* MainController(主视图控制器) */,
				48E6B2B11DAF742C00087454 /* HomePage(首页) */,
				48E6B2AD1DAF742400087454 /* Live(直播) */,
				48E6B2A91DAF741800087454 /* personalCenter(个人中心) */,
				48E6B2A71DAF4FD000087454 /* Other(其他) */,
				48EC23AA1DAE29D200ADDF07 /* Login */,
				48E9BB541D9D0A6100AB95D1 /* SDK(第三方sdk) */,
				48E2851A1D9BB84A000965FB /* Macro(宏) */,
				48E6776F1D990E2F004245FD /* NetworkState(网络状态) */,
				48E81BAE1D95228D00627237 /* Assets.xcassets */,
				48E81BB01D95228D00627237 /* LaunchScreen.storyboard */,
				48E81BB31D95228D00627237 /* Info.plist */,
				48E81BA21D95228D00627237 /* Supporting Files */,
			);
			path = Miaobo_XM;
			sourceTree = "<group>";
		};
		48E81BA21D95228D00627237 /* Supporting Files */ = {
			isa = PBXGroup;
			children = (
				48E81BA31D95228D00627237 /* main.m */,
			);
			name = "Supporting Files";
			sourceTree = "<group>";
		};
		48E81BBB1D95228D00627237 /* Miaobo_XMTests */ = {
			isa = PBXGroup;
			children = (
				48E81BBC1D95228D00627237 /* Miaobo_XMTests.m */,
				48E81BBE1D95228D00627237 /* Info.plist */,
			);
			path = Miaobo_XMTests;
			sourceTree = "<group>";
		};
		48E81BC61D95228D00627237 /* Miaobo_XMUITests */ = {
			isa = PBXGroup;
			children = (
				48E81BC71D95228D00627237 /* Miaobo_XMUITests.m */,
				48E81BC91D95228D00627237 /* Info.plist */,
			);
			path = Miaobo_XMUITests;
			sourceTree = "<group>";
		};
		48E9BB541D9D0A6100AB95D1 /* SDK(第三方sdk) */ = {
			isa = PBXGroup;
			children = (
				48E6776C1D98C0B5004245FD /* IJKMediaFramework.framework */,
				48EC236D1DADD35700ADDF07 /* ShareSDK */,
				48E9BB821D9D12CE00AB95D1 /* MBProgressHUD.bundle */,
				48E9BB831D9D12CE00AB95D1 /* MBProgressHUD+MJ.h */,
				48E9BB841D9D12CE00AB95D1 /* MBProgressHUD+MJ.m */,
				48E9BB551D9D0A7400AB95D1 /* UMSocial_Sdk_5.2.1 */,
			);
			path = "SDK(第三方sdk)";
			sourceTree = "<group>";
		};
		48E9BB551D9D0A7400AB95D1 /* UMSocial_Sdk_5.2.1 */ = {
			isa = PBXGroup;
			children = (
				48E9BB561D9D0A7400AB95D1 /* UMSocialLocalizable.strings */,
				48E9BB581D9D0A7400AB95D1 /* Header */,
				48E9BB641D9D0A7400AB95D1 /* libUMSocial_Sdk_5.2.1.a */,
				48E9BB651D9D0A7400AB95D1 /* SocialSDKXib */,
				48E9BB6E1D9D0A7400AB95D1 /* UMSocialSDKResourcesNew.bundle */,
			);
			path = UMSocial_Sdk_5.2.1;
			sourceTree = "<group>";
		};
		48E9BB581D9D0A7400AB95D1 /* Header */ = {
			isa = PBXGroup;
			children = (
				48E9BB591D9D0A7400AB95D1 /* UMSocial.h */,
				48E9BB5A1D9D0A7400AB95D1 /* UMSocialAccountManager.h */,
				48E9BB5B1D9D0A7400AB95D1 /* UMSocialBar.h */,
				48E9BB5C1D9D0A7400AB95D1 /* UMSocialConfig.h */,
				48E9BB5D1D9D0A7400AB95D1 /* UMSocialControllerService.h */,
				48E9BB5E1D9D0A7400AB95D1 /* UMSocialControllerServiceComment.h */,
				48E9BB5F1D9D0A7400AB95D1 /* UMSocialData.h */,
				48E9BB601D9D0A7400AB95D1 /* UMSocialDataService.h */,
				48E9BB611D9D0A7400AB95D1 /* UMSocialSnsData.h */,
				48E9BB621D9D0A7400AB95D1 /* UMSocialSnsPlatformManager.h */,
				48E9BB631D9D0A7400AB95D1 /* UMSocialSnsService.h */,
			);
			path = Header;
			sourceTree = "<group>";
		};
		48E9BB651D9D0A7400AB95D1 /* SocialSDKXib */ = {
			isa = PBXGroup;
			children = (
				48E9BB661D9D0A7400AB95D1 /* UMSCommentDetailController.xib */,
				48E9BB671D9D0A7400AB95D1 /* UMSCommentInputController.xib */,
				48E9BB681D9D0A7400AB95D1 /* UMSCommentInputControlleriPad.xib */,
				48E9BB691D9D0A7400AB95D1 /* UMShareEditViewController.xib */,
				48E9BB6A1D9D0A7400AB95D1 /* UMShareEditViewControlleriPad.xib */,
				48E9BB6B1D9D0A7400AB95D1 /* UMSLoginViewController.xib */,
				48E9BB6C1D9D0A7400AB95D1 /* UMSnsAccountViewController.xib */,
				48E9BB6D1D9D0A7400AB95D1 /* UMSShareListController.xib */,
			);
			path = SocialSDKXib;
			sourceTree = "<group>";
		};
		48E9BB7B1D9D0F3C00AB95D1 /* CommonDefine */ = {
			isa = PBXGroup;
			children = (
				48E9BB7C1D9D0F6700AB95D1 /* ColorDefine.h */,
				48E9BB7D1D9D0F6700AB95D1 /* FontDefine.h */,
				48E9BB7E1D9D0F6700AB95D1 /* FrameDefine.h */,
				48E9BB7F1D9D0F6700AB95D1 /* PathDefine.h */,
				48E9BB801D9D0F6700AB95D1 /* SystemDefine.h */,
				48E9BB811D9D0F6700AB95D1 /* UtilsDefine.h */,
			);
			path = CommonDefine;
			sourceTree = "<group>";
		};
		48EC236D1DADD35700ADDF07 /* ShareSDK */ = {
			isa = PBXGroup;
			children = (
				48EC236E1DADD35700ADDF07 /* ShareSDK.framework */,
				48EC236F1DADD35700ADDF07 /* Support */,
			);
			path = ShareSDK;
			sourceTree = "<group>";
		};
		48EC236F1DADD35700ADDF07 /* Support */ = {
			isa = PBXGroup;
			children = (
				48EC23701DADD35700ADDF07 /* Optional */,
				48EC23741DADD35700ADDF07 /* PlatformSDK */,
				48EC238D1DADD35700ADDF07 /* Required */,
			);
			path = Support;
			sourceTree = "<group>";
		};
		48EC23701DADD35700ADDF07 /* Optional */ = {
			isa = PBXGroup;
			children = (
				48EC23711DADD35700ADDF07 /* ShareSDKExtension.framework */,
				48EC23721DADD35700ADDF07 /* ShareSDKUI.bundle */,
				48EC23731DADD35700ADDF07 /* ShareSDKUI.framework */,
			);
			path = Optional;
			sourceTree = "<group>";
		};
		48EC23741DADD35700ADDF07 /* PlatformSDK */ = {
			isa = PBXGroup;
			children = (
				48EC23751DADD35700ADDF07 /* QQSDK */,
				48EC23781DADD35700ADDF07 /* SinaWeiboSDK */,
				48EC23861DADD35700ADDF07 /* WeChatSDK */,
			);
			path = PlatformSDK;
			sourceTree = "<group>";
		};
		48EC23751DADD35700ADDF07 /* QQSDK */ = {
			isa = PBXGroup;
			children = (
				48EC23761DADD35700ADDF07 /* TencentOpenAPI.framework */,
				48EC23771DADD35700ADDF07 /* TencentOpenApi_IOS_Bundle.bundle */,
			);
			path = QQSDK;
			sourceTree = "<group>";
		};
		48EC23781DADD35700ADDF07 /* SinaWeiboSDK */ = {
			isa = PBXGroup;
			children = (
				48EC23791DADD35700ADDF07 /* libWeiboSDK.a */,
				48EC237A1DADD35700ADDF07 /* WBHttpRequest+WeiboGame.h */,
				48EC237B1DADD35700ADDF07 /* WBHttpRequest+WeiboShare.h */,
				48EC237C1DADD35700ADDF07 /* WBHttpRequest+WeiboToken.h */,
				48EC237D1DADD35700ADDF07 /* WBHttpRequest+WeiboUser.h */,
				48EC237E1DADD35700ADDF07 /* WBHttpRequest.h */,
				48EC237F1DADD35700ADDF07 /* WBSDKBasicButton.h */,
				48EC23801DADD35700ADDF07 /* WBSDKCommentButton.h */,
				48EC23811DADD35700ADDF07 /* WBSDKRelationshipButton.h */,
				48EC23821DADD35700ADDF07 /* WeiboSDK+Statistics.h */,
				48EC23831DADD35700ADDF07 /* WeiboSDK.bundle */,
				48EC23841DADD35700ADDF07 /* WeiboSDK.h */,
				48EC23851DADD35700ADDF07 /* WeiboUser.h */,
			);
			path = SinaWeiboSDK;
			sourceTree = "<group>";
		};
		48EC23861DADD35700ADDF07 /* WeChatSDK */ = {
			isa = PBXGroup;
			children = (
				48EC23871DADD35700ADDF07 /* libWeChatSDK.a */,
				48EC23881DADD35700ADDF07 /* read_me.txt */,
				48EC23891DADD35700ADDF07 /* README.txt */,
				48EC238A1DADD35700ADDF07 /* WechatAuthSDK.h */,
				48EC238B1DADD35700ADDF07 /* WXApi.h */,
				48EC238C1DADD35700ADDF07 /* WXApiObject.h */,
			);
			path = WeChatSDK;
			sourceTree = "<group>";
		};
		48EC238D1DADD35700ADDF07 /* Required */ = {
			isa = PBXGroup;
			children = (
				48EC238E1DADD35700ADDF07 /* MOBFoundation.framework */,
				48EC238F1DADD35700ADDF07 /* ShareSDK.bundle */,
				48EC23901DADD35700ADDF07 /* ShareSDKConnector.framework */,
			);
			path = Required;
			sourceTree = "<group>";
		};
		48EC23AA1DAE29D200ADDF07 /* Login */ = {
			isa = PBXGroup;
			children = (
				48EC23B01DAE2A9A00ADDF07 /* View */,
				48EC23AF1DAE2A9300ADDF07 /* Controller */,
				48EC23AB1DAE29D200ADDF07 /* login_video.mp4 */,
				48EC23AC1DAE29D200ADDF07 /* loginmovie.mp4 */,
			);
			path = Login;
			sourceTree = "<group>";
		};
		48EC23AF1DAE2A9300ADDF07 /* Controller */ = {
			isa = PBXGroup;
			children = (
				48E6B2CF1DAF78A700087454 /* XMLoginViewController.h */,
				48E6B2D01DAF78A700087454 /* XMLoginViewController.m */,
			);
			path = Controller;
			sourceTree = "<group>";
		};
		48EC23B01DAE2A9A00ADDF07 /* View */ = {
			isa = PBXGroup;
			children = (
				48E6B2CC1DAF786900087454 /* XMLoginView.h */,
				48E6B2CD1DAF786900087454 /* XMLoginView.m */,
			);
			path = View;
			sourceTree = "<group>";
		};
		8DF350B7B104732AF60686D4 /* Pods */ = {
			isa = PBXGroup;
			children = (
				971B90CC84B1EF2CB0C79A67 /* Pods.debug.xcconfig */,
				D99636FF83D4D15F129E199C /* Pods.release.xcconfig */,
			);
			name = Pods;
			sourceTree = "<group>";
		};
		C827E22134FF665C33071E0E /* Frameworks */ = {
			isa = PBXGroup;
			children = (
				48EC23A31DADD84300ADDF07 /* JavaScriptCore.framework */,
				48EC23A11DADD81F00ADDF07 /* libstdc++.tbd */,
				48EC239F1DADD7F900ADDF07 /* libicucore.tbd */,
				48E9594D1DA8ED6D007BD8B3 /* ImageIO.framework */,
				48E9594B1DA8ECD6007BD8B3 /* libz.tbd */,
				48E959491DA8ECCA007BD8B3 /* libc++.tbd */,
				48E959471DA8EC9B007BD8B3 /* libsqlite3.tbd */,
				48E959451DA8EC6F007BD8B3 /* CoreTelephony.framework */,
				48E959431DA8EC5F007BD8B3 /* SystemConfiguration.framework */,
				48E6776A1D98C06C004245FD /* IJKMediaFramework.framework */,
				354F523432CBD3C6C6F94D03 /* libPods.a */,
			);
			name = Frameworks;
			sourceTree = "<group>";
		};
/* End PBXGroup section */

/* Begin PBXNativeTarget section */
		48E81B9E1D95228D00627237 /* Miaobo_XM */ = {
			isa = PBXNativeTarget;
			buildConfigurationList = 48E81BCC1D95228D00627237 /* Build configuration list for PBXNativeTarget "Miaobo_XM" */;
			buildPhases = (
				97631D6D502DAF89874D7949 /* Check Pods Manifest.lock */,
				48E81B9B1D95228D00627237 /* Sources */,
				48E81B9D1D95228D00627237 /* Resources */,
				48E81B9C1D95228D00627237 /* Frameworks */,
				8022053C05F5E11CC1818247 /* Embed Pods Frameworks */,
				BD7866A4F5BEE6F565AE3AB1 /* Copy Pods Resources */,
			);
			buildRules = (
			);
			dependencies = (
			);
			name = Miaobo_XM;
			productName = Miaobo_XM;
			productReference = 48E81B9F1D95228D00627237 /* Miaobo_XM.app */;
			productType = "com.apple.product-type.application";
		};
		48E81BB71D95228D00627237 /* Miaobo_XMTests */ = {
			isa = PBXNativeTarget;
			buildConfigurationList = 48E81BCF1D95228D00627237 /* Build configuration list for PBXNativeTarget "Miaobo_XMTests" */;
			buildPhases = (
				48E81BB41D95228D00627237 /* Sources */,
				48E81BB51D95228D00627237 /* Frameworks */,
				48E81BB61D95228D00627237 /* Resources */,
			);
			buildRules = (
			);
			dependencies = (
				48E81BBA1D95228D00627237 /* PBXTargetDependency */,
			);
			name = Miaobo_XMTests;
			productName = Miaobo_XMTests;
			productReference = 48E81BB81D95228D00627237 /* Miaobo_XMTests.xctest */;
			productType = "com.apple.product-type.bundle.unit-test";
		};
		48E81BC21D95228D00627237 /* Miaobo_XMUITests */ = {
			isa = PBXNativeTarget;
			buildConfigurationList = 48E81BD21D95228D00627237 /* Build configuration list for PBXNativeTarget "Miaobo_XMUITests" */;
			buildPhases = (
				48E81BBF1D95228D00627237 /* Sources */,
				48E81BC01D95228D00627237 /* Frameworks */,
				48E81BC11D95228D00627237 /* Resources */,
			);
			buildRules = (
			);
			dependencies = (
				48E81BC51D95228D00627237 /* PBXTargetDependency */,
			);
			name = Miaobo_XMUITests;
			productName = Miaobo_XMUITests;
			productReference = 48E81BC31D95228D00627237 /* Miaobo_XMUITests.xctest */;
			productType = "com.apple.product-type.bundle.ui-testing";
		};
/* End PBXNativeTarget section */

/* Begin PBXProject section */
		48E81B971D95228D00627237 /* Project object */ = {
			isa = PBXProject;
			attributes = {
				LastUpgradeCheck = 0720;
				ORGANIZATIONNAME = "小明";
				TargetAttributes = {
					48E81B9E1D95228D00627237 = {
						CreatedOnToolsVersion = 7.2.1;
						DevelopmentTeam = HW7MCZU3UG;
					};
					48E81BB71D95228D00627237 = {
						CreatedOnToolsVersion = 7.2.1;
						DevelopmentTeam = HW7MCZU3UG;
						TestTargetID = 48E81B9E1D95228D00627237;
					};
					48E81BC21D95228D00627237 = {
						CreatedOnToolsVersion = 7.2.1;
						DevelopmentTeam = HW7MCZU3UG;
						TestTargetID = 48E81B9E1D95228D00627237;
					};
				};
			};
			buildConfigurationList = 48E81B9A1D95228D00627237 /* Build configuration list for PBXProject "Miaobo_XM" */;
			compatibilityVersion = "Xcode 3.2";
			developmentRegion = English;
			hasScannedForEncodings = 0;
			knownRegions = (
				en,
				Base,
				"zh-Hans",
			);
			mainGroup = 48E81B961D95228D00627237;
			productRefGroup = 48E81BA01D95228D00627237 /* Products */;
			projectDirPath = "";
			projectRoot = "";
			targets = (
				48E81B9E1D95228D00627237 /* Miaobo_XM */,
				48E81BB71D95228D00627237 /* Miaobo_XMTests */,
				48E81BC21D95228D00627237 /* Miaobo_XMUITests */,
			);
		};
/* End PBXProject section */

/* Begin PBXResourcesBuildPhase section */
		48E81B9D1D95228D00627237 /* Resources */ = {
			isa = PBXResourcesBuildPhase;
			buildActionMask = 2147483647;
			files = (
				48E9BB851D9D12CE00AB95D1 /* MBProgressHUD.bundle in Resources */,
				48E9BB751D9D0A7400AB95D1 /* UMShareEditViewController.xib in Resources */,
				48EC239D1DADD35700ADDF07 /* ShareSDK.bundle in Resources */,
				48EC23931DADD35700ADDF07 /* ShareSDKUI.bundle in Resources */,
				48EC23961DADD35700ADDF07 /* TencentOpenApi_IOS_Bundle.bundle in Resources */,
				48EC239A1DADD35700ADDF07 /* read_me.txt in Resources */,
				48E9BB741D9D0A7400AB95D1 /* UMSCommentInputControlleriPad.xib in Resources */,
				48E81BB21D95228D00627237 /* LaunchScreen.storyboard in Resources */,
				48E81BAF1D95228D00627237 /* Assets.xcassets in Resources */,
				48E9BB721D9D0A7400AB95D1 /* UMSCommentDetailController.xib in Resources */,
				481D73931DC1E6D3003EAD39 /* AttentionView.xib in Resources */,
				48CE5DBC1DCC7A6800FF3D15 /* XMAnchorInfoView.xib in Resources */,
				48EC23AE1DAE29D200ADDF07 /* loginmovie.mp4 in Resources */,
				48E9BB781D9D0A7400AB95D1 /* UMSnsAccountViewController.xib in Resources */,
				48EC239B1DADD35700ADDF07 /* README.txt in Resources */,
				48CE5DC61DCC7B9B00FF3D15 /* UserInfoView.xib in Resources */,
				48E9BB7A1D9D0A7400AB95D1 /* UMSocialSDKResourcesNew.bundle in Resources */,
				48EC23AD1DAE29D200ADDF07 /* login_video.mp4 in Resources */,
				48E9BB771D9D0A7400AB95D1 /* UMSLoginViewController.xib in Resources */,
				48E9BB731D9D0A7400AB95D1 /* UMSCommentInputController.xib in Resources */,
				48E9BB791D9D0A7400AB95D1 /* UMSShareListController.xib in Resources */,
				483C23FF1DC9DFE500DA4096 /* HotTableViewCell.xib in Resources */,
				48CE5DCB1DCC7BE900FF3D15 /* LiveEndView.xib in Resources */,
				48E9BB761D9D0A7400AB95D1 /* UMShareEditViewControlleriPad.xib in Resources */,
				48CE5DC11DCC7B1000FF3D15 /* CatEarView.xib in Resources */,
				48E9BB701D9D0A7400AB95D1 /* UMSocialLocalizable.strings in Resources */,
				481D738E1DC1E18F003EAD39 /* XMCollectionViewCell.xib in Resources */,
				48EC23981DADD35700ADDF07 /* WeiboSDK.bundle in Resources */,
			);
			runOnlyForDeploymentPostprocessing = 0;
		};
		48E81BB61D95228D00627237 /* Resources */ = {
			isa = PBXResourcesBuildPhase;
			buildActionMask = 2147483647;
			files = (
			);
			runOnlyForDeploymentPostprocessing = 0;
		};
		48E81BC11D95228D00627237 /* Resources */ = {
			isa = PBXResourcesBuildPhase;
			buildActionMask = 2147483647;
			files = (
			);
			runOnlyForDeploymentPostprocessing = 0;
		};
/* End PBXResourcesBuildPhase section */

/* Begin PBXShellScriptBuildPhase section */
		8022053C05F5E11CC1818247 /* Embed Pods Frameworks */ = {
			isa = PBXShellScriptBuildPhase;
			buildActionMask = 2147483647;
			files = (
			);
			inputPaths = (
			);
			name = "Embed Pods Frameworks";
			outputPaths = (
			);
			runOnlyForDeploymentPostprocessing = 0;
			shellPath = /bin/sh;
			shellScript = "\"${SRCROOT}/Pods/Target Support Files/Pods/Pods-frameworks.sh\"\n";
			showEnvVarsInLog = 0;
		};
		97631D6D502DAF89874D7949 /* Check Pods Manifest.lock */ = {
			isa = PBXShellScriptBuildPhase;
			buildActionMask = 2147483647;
			files = (
			);
			inputPaths = (
			);
			name = "Check Pods Manifest.lock";
			outputPaths = (
			);
			runOnlyForDeploymentPostprocessing = 0;
			shellPath = /bin/sh;
			shellScript = "diff \"${PODS_ROOT}/../Podfile.lock\" \"${PODS_ROOT}/Manifest.lock\" > /dev/null\nif [[ $? != 0 ]] ; then\n    cat << EOM\nerror: The sandbox is not in sync with the Podfile.lock. Run 'pod install' or update your CocoaPods installation.\nEOM\n    exit 1\nfi\n";
			showEnvVarsInLog = 0;
		};
		BD7866A4F5BEE6F565AE3AB1 /* Copy Pods Resources */ = {
			isa = PBXShellScriptBuildPhase;
			buildActionMask = 2147483647;
			files = (
			);
			inputPaths = (
			);
			name = "Copy Pods Resources";
			outputPaths = (
			);
			runOnlyForDeploymentPostprocessing = 0;
			shellPath = /bin/sh;
			shellScript = "\"${SRCROOT}/Pods/Target Support Files/Pods/Pods-resources.sh\"\n";
			showEnvVarsInLog = 0;
		};
/* End PBXShellScriptBuildPhase section */

/* Begin PBXSourcesBuildPhase section */
		48E81B9B1D95228D00627237 /* Sources */ = {
			isa = PBXSourcesBuildPhase;
			buildActionMask = 2147483647;
			files = (
				4815735E1DC09DE4003515D0 /* XMHotHeaderView.m in Sources */,
				48CE5DC91DCC7BD000FF3D15 /* XMLiveEndView.m in Sources */,
				48E6B2E51DAF865C00087454 /* UIView+Extension.m in Sources */,
				48DE92221D9A6F9300E191E8 /* RequestManager.m in Sources */,
				481573541DC093B0003515D0 /* XRCarouselView.m in Sources */,
				48E6B2E21DAF865C00087454 /* UIDevice+Extension.m in Sources */,
				4821B4331DB874200048476B /* XMPlayLiveViewController.m in Sources */,
				48688AD51DC7208E0014A295 /* XMinRefreshGifHeader.m in Sources */,
				48E6B2CE1DAF786900087454 /* XMLoginView.m in Sources */,
				4821B4361DB874D10048476B /* PersonalCenterViewController.m in Sources */,
				48CE5DAE1DCC714600FF3D15 /* XMWatchLiveViewController.m in Sources */,
				48CE5DB11DCC794900FF3D15 /* XMWatchLiveViewCell.m in Sources */,
				48CE5DBA1DCC7A3600FF3D15 /* XMAnchorInfoView.m in Sources */,
				48E6B2E01DAF865C00087454 /* UIBarButtonItem+XL.m in Sources */,
				4821B4521DB8C4CA0048476B /* XMAttentionViewController.m in Sources */,
				48E285191D9BB2A5000965FB /* ResponseObject.m in Sources */,
				485A580C1DB9F3BF00FA7AFE /* RankingListViewController.m in Sources */,
				481573571DC0961E003515D0 /* XMHotHeaderResult.m in Sources */,
				4821B43C1DB875840048476B /* XMNavigationController.m in Sources */,
				48CE5DBF1DCC7AFB00FF3D15 /* CatEarView.m in Sources */,
				4815734E1DC09004003515D0 /* XMNewModel.m in Sources */,
				48E6778B1D99187C004245FD /* ALinNetworkTool.m in Sources */,
				4821B4301DB873490048476B /* XMNewViewController.m in Sources */,
				481573621DC0A524003515D0 /* XMHotTableViewCell.m in Sources */,
				481573511DC0913F003515D0 /* XMNewData.m in Sources */,
				4821B4391DB875570048476B /* XMTabBarViewController.m in Sources */,
				481573451DC08AD9003515D0 /* XMHotHeaderModel.m in Sources */,
				48CE5DB41DCC798C00FF3D15 /* XMBottomToolView.m in Sources */,
				4815734B1DC08D34003515D0 /* XMHotModel.m in Sources */,
				48E81BA71D95228D00627237 /* AppDelegate.m in Sources */,
				48E6B2D11DAF78A700087454 /* XMLoginViewController.m in Sources */,
				481D738D1DC1E18F003EAD39 /* XMCollectionViewCell.m in Sources */,
				48E6B2E41DAF865C00087454 /* UIImageView+Extension.m in Sources */,
				48E6B2E31DAF865C00087454 /* UIImage+Extension.m in Sources */,
				4821B4491DB8B8BA0048476B /* XMCustomScrollView.m in Sources */,
				48E6B2E11DAF865C00087454 /* UIButton+Extension.m in Sources */,
				48688AD11DC713580014A295 /* ALinHomeADCell.m in Sources */,
				481573481DC08C1F003515D0 /* XMHotData.m in Sources */,
				485C9E031DC34EC200B2D6C9 /* XMHotViewController.m in Sources */,
				48E9BB861D9D12CE00AB95D1 /* MBProgressHUD+MJ.m in Sources */,
				4821B44C1DB8B8E70048476B /* XMCustomTitleView.m in Sources */,
				48E6778E1D991B8D004245FD /* Reachability.m in Sources */,
				4821B4271DB872440048476B /* XMHomeViewController.m in Sources */,
				4821B44F1DB8B9400048476B /* XMSearchViewController.m in Sources */,
				4815735A1DC097BF003515D0 /* XMDealData.m in Sources */,
				48CE5DC41DCC7B8F00FF3D15 /* XMUserInfoView.m in Sources */,
				481D73911DC1E6AB003EAD39 /* AttentionView.m in Sources */,
				48E81BA41D95228D00627237 /* main.m in Sources */,
			);
			runOnlyForDeploymentPostprocessing = 0;
		};
		48E81BB41D95228D00627237 /* Sources */ = {
			isa = PBXSourcesBuildPhase;
			buildActionMask = 2147483647;
			files = (
				48E81BBD1D95228D00627237 /* Miaobo_XMTests.m in Sources */,
			);
			runOnlyForDeploymentPostprocessing = 0;
		};
		48E81BBF1D95228D00627237 /* Sources */ = {
			isa = PBXSourcesBuildPhase;
			buildActionMask = 2147483647;
			files = (
				48E81BC81D95228D00627237 /* Miaobo_XMUITests.m in Sources */,
			);
			runOnlyForDeploymentPostprocessing = 0;
		};
/* End PBXSourcesBuildPhase section */

/* Begin PBXTargetDependency section */
		48E81BBA1D95228D00627237 /* PBXTargetDependency */ = {
			isa = PBXTargetDependency;
			target = 48E81B9E1D95228D00627237 /* Miaobo_XM */;
			targetProxy = 48E81BB91D95228D00627237 /* PBXContainerItemProxy */;
		};
		48E81BC51D95228D00627237 /* PBXTargetDependency */ = {
			isa = PBXTargetDependency;
			target = 48E81B9E1D95228D00627237 /* Miaobo_XM */;
			targetProxy = 48E81BC41D95228D00627237 /* PBXContainerItemProxy */;
		};
/* End PBXTargetDependency section */

/* Begin PBXVariantGroup section */
		48E81BB01D95228D00627237 /* LaunchScreen.storyboard */ = {
			isa = PBXVariantGroup;
			children = (
				48E81BB11D95228D00627237 /* Base */,
			);
			name = LaunchScreen.storyboard;
			sourceTree = "<group>";
		};
		48E9BB561D9D0A7400AB95D1 /* UMSocialLocalizable.strings */ = {
			isa = PBXVariantGroup;
			children = (
				48E9BB571D9D0A7400AB95D1 /* en */,
				48E9BB6F1D9D0A7400AB95D1 /* zh-Hans */,
			);
			name = UMSocialLocalizable.strings;
			sourceTree = "<group>";
		};
/* End PBXVariantGroup section */

/* Begin XCBuildConfiguration section */
		48E81BCA1D95228D00627237 /* Debug */ = {
			isa = XCBuildConfiguration;
			buildSettings = {
				ALWAYS_SEARCH_USER_PATHS = NO;
				CLANG_CXX_LANGUAGE_STANDARD = "gnu++0x";
				CLANG_CXX_LIBRARY = "libc++";
				CLANG_ENABLE_MODULES = YES;
				CLANG_ENABLE_OBJC_ARC = YES;
				CLANG_WARN_BOOL_CONVERSION = YES;
				CLANG_WARN_CONSTANT_CONVERSION = YES;
				CLANG_WARN_DIRECT_OBJC_ISA_USAGE = YES_ERROR;
				CLANG_WARN_EMPTY_BODY = YES;
				CLANG_WARN_ENUM_CONVERSION = YES;
				CLANG_WARN_INT_CONVERSION = YES;
				CLANG_WARN_OBJC_ROOT_CLASS = YES_ERROR;
				CLANG_WARN_UNREACHABLE_CODE = YES;
				CLANG_WARN__DUPLICATE_METHOD_MATCH = YES;
				"CODE_SIGN_IDENTITY[sdk=iphoneos*]" = "iPhone Developer";
				COPY_PHASE_STRIP = NO;
				DEBUG_INFORMATION_FORMAT = dwarf;
				ENABLE_STRICT_OBJC_MSGSEND = YES;
				ENABLE_TESTABILITY = YES;
				GCC_C_LANGUAGE_STANDARD = gnu99;
				GCC_DYNAMIC_NO_PIC = NO;
				GCC_NO_COMMON_BLOCKS = YES;
				GCC_OPTIMIZATION_LEVEL = 0;
				GCC_PREPROCESSOR_DEFINITIONS = (
					"DEBUG=1",
					"$(inherited)",
				);
				GCC_WARN_64_TO_32_BIT_CONVERSION = YES;
				GCC_WARN_ABOUT_RETURN_TYPE = YES_ERROR;
				GCC_WARN_UNDECLARED_SELECTOR = YES;
				GCC_WARN_UNINITIALIZED_AUTOS = YES_AGGRESSIVE;
				GCC_WARN_UNUSED_FUNCTION = YES;
				GCC_WARN_UNUSED_VARIABLE = YES;
				IPHONEOS_DEPLOYMENT_TARGET = 9.2;
				MTL_ENABLE_DEBUG_INFO = YES;
				ONLY_ACTIVE_ARCH = YES;
				SDKROOT = iphoneos;
			};
			name = Debug;
		};
		48E81BCB1D95228D00627237 /* Release */ = {
			isa = XCBuildConfiguration;
			buildSettings = {
				ALWAYS_SEARCH_USER_PATHS = NO;
				CLANG_CXX_LANGUAGE_STANDARD = "gnu++0x";
				CLANG_CXX_LIBRARY = "libc++";
				CLANG_ENABLE_MODULES = YES;
				CLANG_ENABLE_OBJC_ARC = YES;
				CLANG_WARN_BOOL_CONVERSION = YES;
				CLANG_WARN_CONSTANT_CONVERSION = YES;
				CLANG_WARN_DIRECT_OBJC_ISA_USAGE = YES_ERROR;
				CLANG_WARN_EMPTY_BODY = YES;
				CLANG_WARN_ENUM_CONVERSION = YES;
				CLANG_WARN_INT_CONVERSION = YES;
				CLANG_WARN_OBJC_ROOT_CLASS = YES_ERROR;
				CLANG_WARN_UNREACHABLE_CODE = YES;
				CLANG_WARN__DUPLICATE_METHOD_MATCH = YES;
				"CODE_SIGN_IDENTITY[sdk=iphoneos*]" = "iPhone Developer";
				COPY_PHASE_STRIP = NO;
				DEBUG_INFORMATION_FORMAT = "dwarf-with-dsym";
				ENABLE_NS_ASSERTIONS = NO;
				ENABLE_STRICT_OBJC_MSGSEND = YES;
				GCC_C_LANGUAGE_STANDARD = gnu99;
				GCC_NO_COMMON_BLOCKS = YES;
				GCC_WARN_64_TO_32_BIT_CONVERSION = YES;
				GCC_WARN_ABOUT_RETURN_TYPE = YES_ERROR;
				GCC_WARN_UNDECLARED_SELECTOR = YES;
				GCC_WARN_UNINITIALIZED_AUTOS = YES_AGGRESSIVE;
				GCC_WARN_UNUSED_FUNCTION = YES;
				GCC_WARN_UNUSED_VARIABLE = YES;
				IPHONEOS_DEPLOYMENT_TARGET = 9.2;
				MTL_ENABLE_DEBUG_INFO = NO;
				SDKROOT = iphoneos;
				VALIDATE_PRODUCT = YES;
			};
			name = Release;
		};
		48E81BCD1D95228D00627237 /* Debug */ = {
			isa = XCBuildConfiguration;
			baseConfigurationReference = 971B90CC84B1EF2CB0C79A67 /* Pods.debug.xcconfig */;
			buildSettings = {
				ASSETCATALOG_COMPILER_APPICON_NAME = AppIcon;
				FRAMEWORK_SEARCH_PATHS = (
					"$(inherited)",
					"$(PROJECT_DIR)",
					"$(PROJECT_DIR)/Miaobo_XM/SDK(第三方sdk)/ShareSDK",
					"$(PROJECT_DIR)/Miaobo_XM/SDK(第三方sdk)/ShareSDK/Support/Optional",
					"$(PROJECT_DIR)/Miaobo_XM/SDK(第三方sdk)/ShareSDK/Support/PlatformSDK/QQSDK",
					"$(PROJECT_DIR)/Miaobo_XM/SDK(第三方sdk)/ShareSDK/Support/Required",
				);
				GCC_PRECOMPILE_PREFIX_HEADER = NO;
				GCC_PREFIX_HEADER = "/Users/chengduzhongrenhe/Desktop/Miaobo_XM/Miaobo_XM/Macro(宏)/Miaobo.pch";
				INFOPLIST_FILE = Miaobo_XM/Info.plist;
				LD_RUNPATH_SEARCH_PATHS = "$(inherited) @executable_path/Frameworks";
				LIBRARY_SEARCH_PATHS = (
					"$(inherited)",
					"$(PROJECT_DIR)/Miaobo_XM/SDK(第三方sdk)/UMSocial_Sdk_5.2.1",
					"$(PROJECT_DIR)/Miaobo_XM/SDK(第三方sdk)/ShareSDK/Support/PlatformSDK/SinaWeiboSDK",
					"$(PROJECT_DIR)/Miaobo_XM/SDK(第三方sdk)/ShareSDK/Support/PlatformSDK/WeChatSDK",
				);
				PRODUCT_BUNDLE_IDENTIFIER = "com.tangchengming.Miaobo-XM";
				PRODUCT_NAME = "$(TARGET_NAME)";
			};
			name = Debug;
		};
		48E81BCE1D95228D00627237 /* Release */ = {
			isa = XCBuildConfiguration;
			baseConfigurationReference = D99636FF83D4D15F129E199C /* Pods.release.xcconfig */;
			buildSettings = {
				ASSETCATALOG_COMPILER_APPICON_NAME = AppIcon;
				FRAMEWORK_SEARCH_PATHS = (
					"$(inherited)",
					"$(PROJECT_DIR)",
					"$(PROJECT_DIR)/Miaobo_XM/SDK(第三方sdk)/ShareSDK",
					"$(PROJECT_DIR)/Miaobo_XM/SDK(第三方sdk)/ShareSDK/Support/Optional",
					"$(PROJECT_DIR)/Miaobo_XM/SDK(第三方sdk)/ShareSDK/Support/PlatformSDK/QQSDK",
					"$(PROJECT_DIR)/Miaobo_XM/SDK(第三方sdk)/ShareSDK/Support/Required",
				);
				GCC_PRECOMPILE_PREFIX_HEADER = NO;
				GCC_PREFIX_HEADER = "/Users/chengduzhongrenhe/Desktop/Miaobo_XM/Miaobo_XM/Macro(宏)/Miaobo.pch";
				INFOPLIST_FILE = Miaobo_XM/Info.plist;
				LD_RUNPATH_SEARCH_PATHS = "$(inherited) @executable_path/Frameworks";
				LIBRARY_SEARCH_PATHS = (
					"$(inherited)",
					"$(PROJECT_DIR)/Miaobo_XM/SDK(第三方sdk)/UMSocial_Sdk_5.2.1",
					"$(PROJECT_DIR)/Miaobo_XM/SDK(第三方sdk)/ShareSDK/Support/PlatformSDK/SinaWeiboSDK",
					"$(PROJECT_DIR)/Miaobo_XM/SDK(第三方sdk)/ShareSDK/Support/PlatformSDK/WeChatSDK",
				);
				PRODUCT_BUNDLE_IDENTIFIER = "com.tangchengming.Miaobo-XM";
				PRODUCT_NAME = "$(TARGET_NAME)";
			};
			name = Release;
		};
		48E81BD01D95228D00627237 /* Debug */ = {
			isa = XCBuildConfiguration;
			buildSettings = {
				BUNDLE_LOADER = "$(TEST_HOST)";
				INFOPLIST_FILE = Miaobo_XMTests/Info.plist;
				LD_RUNPATH_SEARCH_PATHS = "$(inherited) @executable_path/Frameworks @loader_path/Frameworks";
				PRODUCT_BUNDLE_IDENTIFIER = "com.tangchengming.Miaobo-XMTests";
				PRODUCT_NAME = "$(TARGET_NAME)";
				TEST_HOST = "$(BUILT_PRODUCTS_DIR)/Miaobo_XM.app/Miaobo_XM";
			};
			name = Debug;
		};
		48E81BD11D95228D00627237 /* Release */ = {
			isa = XCBuildConfiguration;
			buildSettings = {
				BUNDLE_LOADER = "$(TEST_HOST)";
				INFOPLIST_FILE = Miaobo_XMTests/Info.plist;
				LD_RUNPATH_SEARCH_PATHS = "$(inherited) @executable_path/Frameworks @loader_path/Frameworks";
				PRODUCT_BUNDLE_IDENTIFIER = "com.tangchengming.Miaobo-XMTests";
				PRODUCT_NAME = "$(TARGET_NAME)";
				TEST_HOST = "$(BUILT_PRODUCTS_DIR)/Miaobo_XM.app/Miaobo_XM";
			};
			name = Release;
		};
		48E81BD31D95228D00627237 /* Debug */ = {
			isa = XCBuildConfiguration;
			buildSettings = {
				INFOPLIST_FILE = Miaobo_XMUITests/Info.plist;
				LD_RUNPATH_SEARCH_PATHS = "$(inherited) @executable_path/Frameworks @loader_path/Frameworks";
				PRODUCT_BUNDLE_IDENTIFIER = "com.tangchengming.Miaobo-XMUITests";
				PRODUCT_NAME = "$(TARGET_NAME)";
				TEST_TARGET_NAME = Miaobo_XM;
				USES_XCTRUNNER = YES;
			};
			name = Debug;
		};
		48E81BD41D95228D00627237 /* Release */ = {
			isa = XCBuildConfiguration;
			buildSettings = {
				INFOPLIST_FILE = Miaobo_XMUITests/Info.plist;
				LD_RUNPATH_SEARCH_PATHS = "$(inherited) @executable_path/Frameworks @loader_path/Frameworks";
				PRODUCT_BUNDLE_IDENTIFIER = "com.tangchengming.Miaobo-XMUITests";
				PRODUCT_NAME = "$(TARGET_NAME)";
				TEST_TARGET_NAME = Miaobo_XM;
				USES_XCTRUNNER = YES;
			};
			name = Release;
		};
/* End XCBuildConfiguration section */

/* Begin XCConfigurationList section */
		48E81B9A1D95228D00627237 /* Build configuration list for PBXProject "Miaobo_XM" */ = {
			isa = XCConfigurationList;
			buildConfigurations = (
				48E81BCA1D95228D00627237 /* Debug */,
				48E81BCB1D95228D00627237 /* Release */,
			);
			defaultConfigurationIsVisible = 0;
			defaultConfigurationName = Release;
		};
		48E81BCC1D95228D00627237 /* Build configuration list for PBXNativeTarget "Miaobo_XM" */ = {
			isa = XCConfigurationList;
			buildConfigurations = (
				48E81BCD1D95228D00627237 /* Debug */,
				48E81BCE1D95228D00627237 /* Release */,
			);
			defaultConfigurationIsVisible = 0;
			defaultConfigurationName = Release;
		};
		48E81BCF1D95228D00627237 /* Build configuration list for PBXNativeTarget "Miaobo_XMTests" */ = {
			isa = XCConfigurationList;
			buildConfigurations = (
				48E81BD01D95228D00627237 /* Debug */,
				48E81BD11D95228D00627237 /* Release */,
			);
			defaultConfigurationIsVisible = 0;
			defaultConfigurationName = Release;
		};
		48E81BD21D95228D00627237 /* Build configuration list for PBXNativeTarget "Miaobo_XMUITests" */ = {
			isa = XCConfigurationList;
			buildConfigurations = (
				48E81BD31D95228D00627237 /* Debug */,
				48E81BD41D95228D00627237 /* Release */,
			);
			defaultConfigurationIsVisible = 0;
			defaultConfigurationName = Release;
		};
/* End XCConfigurationList section */
	};
	rootObject = 48E81B971D95228D00627237 /* Project object */;
}
